// !$*UTF8*$!
{
	archiveVersion = 1;
	classes = {
	};
	objectVersion = 46;
	objects = {

/* Begin PBXBuildFile section */
		0408E57A1810F4B600A8E7B4 /* Foundation.framework in Frameworks */ = {isa = PBXBuildFile; fileRef = 0408E5791810F4B600A8E7B4 /* Foundation.framework */; };
		0408E57C1810F4B600A8E7B4 /* CoreGraphics.framework in Frameworks */ = {isa = PBXBuildFile; fileRef = 0408E57B1810F4B600A8E7B4 /* CoreGraphics.framework */; };
		0408E57E1810F4B600A8E7B4 /* UIKit.framework in Frameworks */ = {isa = PBXBuildFile; fileRef = 0408E57D1810F4B600A8E7B4 /* UIKit.framework */; };
		0408E5841810F4B600A8E7B4 /* InfoPlist.strings in Resources */ = {isa = PBXBuildFile; fileRef = 0408E5821810F4B600A8E7B4 /* InfoPlist.strings */; };
		0408E5861810F4B600A8E7B4 /* main.m in Sources */ = {isa = PBXBuildFile; fileRef = 0408E5851810F4B600A8E7B4 /* main.m */; };
		0408E58A1810F4B600A8E7B4 /* AppDelegate.m in Sources */ = {isa = PBXBuildFile; fileRef = 0408E5891810F4B600A8E7B4 /* AppDelegate.m */; };
		0408E58D1810F4B600A8E7B4 /* Main.storyboard in Resources */ = {isa = PBXBuildFile; fileRef = 0408E58B1810F4B600A8E7B4 /* Main.storyboard */; };
		0408E5921810F4B600A8E7B4 /* Images.xcassets in Resources */ = {isa = PBXBuildFile; fileRef = 0408E5911810F4B600A8E7B4 /* Images.xcassets */; };
		040FD17918212E4300710828 /* CFNetwork.framework in Frameworks */ = {isa = PBXBuildFile; fileRef = 040FD17818212E4300710828 /* CFNetwork.framework */; };
		040FD17B182133B300710828 /* SystemConfiguration.framework in Frameworks */ = {isa = PBXBuildFile; fileRef = 040FD17A182133B300710828 /* SystemConfiguration.framework */; };
		040FD17D182133D700710828 /* MobileCoreServices.framework in Frameworks */ = {isa = PBXBuildFile; fileRef = 040FD17C182133D700710828 /* MobileCoreServices.framework */; };
		040FD17F1821342B00710828 /* libz.1.2.5.dylib in Frameworks */ = {isa = PBXBuildFile; fileRef = 040FD17E1821342B00710828 /* libz.1.2.5.dylib */; };
		9311C07C188E49B100595665 /* 司机端app logo-57x57.png in Resources */ = {isa = PBXBuildFile; fileRef = 9311C07A188E49B100595665 /* 司机端app logo-57x57.png */; };
		9311C07D188E49B100595665 /* 司机端app logo-114x114.png in Resources */ = {isa = PBXBuildFile; fileRef = 9311C07B188E49B100595665 /* 司机端app logo-114x114.png */; };
		9311C0CD188E4F1C00595665 /* libxml2.2.dylib in Frameworks */ = {isa = PBXBuildFile; fileRef = 9311C0CC188E4F1C00595665 /* libxml2.2.dylib */; };
		933FAE9F18476EE8004DE5D5 /* 55stars.png in Resources */ = {isa = PBXBuildFile; fileRef = 933FAE8F18476EE8004DE5D5 /* 55stars.png */; };
		933FAEA018476EE8004DE5D5 /* icon_left.png in Resources */ = {isa = PBXBuildFile; fileRef = 933FAE9118476EE8004DE5D5 /* icon_left.png */; };
		933FAEA118476EE8004DE5D5 /* icon_phn.png in Resources */ = {isa = PBXBuildFile; fileRef = 933FAE9218476EE8004DE5D5 /* icon_phn.png */; };
		933FAEA218476EE8004DE5D5 /* icon_right.png in Resources */ = {isa = PBXBuildFile; fileRef = 933FAE9318476EE8004DE5D5 /* icon_right.png */; };
		933FAEA318476EE8004DE5D5 /* login_bg.png in Resources */ = {isa = PBXBuildFile; fileRef = 933FAE9418476EE8004DE5D5 /* login_bg.png */; };
		933FAEA418476EE8004DE5D5 /* login_etpassword.png in Resources */ = {isa = PBXBuildFile; fileRef = 933FAE9518476EE8004DE5D5 /* login_etpassword.png */; };
		933FAEA518476EE8004DE5D5 /* login_etphn.png in Resources */ = {isa = PBXBuildFile; fileRef = 933FAE9618476EE8004DE5D5 /* login_etphn.png */; };
		933FAEA618476EE8004DE5D5 /* login_face.png in Resources */ = {isa = PBXBuildFile; fileRef = 933FAE9718476EE8004DE5D5 /* login_face.png */; };
		933FAEA718476EE8004DE5D5 /* Login_remberpassword_on.png in Resources */ = {isa = PBXBuildFile; fileRef = 933FAE9818476EE8004DE5D5 /* Login_remberpassword_on.png */; };
		933FAEA818476EE8004DE5D5 /* Login_remeberpassword_off.png in Resources */ = {isa = PBXBuildFile; fileRef = 933FAE9918476EE8004DE5D5 /* Login_remeberpassword_off.png */; };
		933FAEA918476EE8004DE5D5 /* login_submit.png in Resources */ = {isa = PBXBuildFile; fileRef = 933FAE9A18476EE8004DE5D5 /* login_submit.png */; };
		933FAEAA18476EE8004DE5D5 /* main_dw.png in Resources */ = {isa = PBXBuildFile; fileRef = 933FAE9B18476EE8004DE5D5 /* main_dw.png */; };
		933FAEAB18476EE8004DE5D5 /* main_fw.png in Resources */ = {isa = PBXBuildFile; fileRef = 933FAE9C18476EE8004DE5D5 /* main_fw.png */; };
		933FAEAC18476EE8004DE5D5 /* main_sx.png in Resources */ = {isa = PBXBuildFile; fileRef = 933FAE9D18476EE8004DE5D5 /* main_sx.png */; };
		9357ED1A188E546D00C79684 /* ASIAuthenticationDialog.h in Sources */ = {isa = PBXBuildFile; fileRef = 040FD1401821297900710828 /* ASIAuthenticationDialog.h */; settings = {COMPILER_FLAGS = "-fno-objc-arc"; }; };
		9357ED1B188E546D00C79684 /* ASIAuthenticationDialog.m in Sources */ = {isa = PBXBuildFile; fileRef = 040FD1411821297900710828 /* ASIAuthenticationDialog.m */; settings = {COMPILER_FLAGS = "-fno-objc-arc"; }; };
		9357ED1C188E546D00C79684 /* ASICacheDelegate.h in Sources */ = {isa = PBXBuildFile; fileRef = 040FD1421821297900710828 /* ASICacheDelegate.h */; settings = {COMPILER_FLAGS = "-fno-objc-arc"; }; };
		9357ED1D188E546D00C79684 /* ASIDownloadCache.h in Sources */ = {isa = PBXBuildFile; fileRef = 040FD1431821297900710828 /* ASIDownloadCache.h */; settings = {COMPILER_FLAGS = "-fno-objc-arc"; }; };
		9357ED1E188E546D00C79684 /* ASIDownloadCache.m in Sources */ = {isa = PBXBuildFile; fileRef = 040FD1441821297900710828 /* ASIDownloadCache.m */; settings = {COMPILER_FLAGS = "-fno-objc-arc"; }; };
		9357ED1F188E546D00C79684 /* ASIFormDataRequest.h in Sources */ = {isa = PBXBuildFile; fileRef = 040FD1451821297900710828 /* ASIFormDataRequest.h */; settings = {COMPILER_FLAGS = "-fno-objc-arc"; }; };
		9357ED20188E546D00C79684 /* ASIFormDataRequest.m in Sources */ = {isa = PBXBuildFile; fileRef = 040FD1461821297900710828 /* ASIFormDataRequest.m */; settings = {COMPILER_FLAGS = "-fno-objc-arc"; }; };
		9357ED21188E546D00C79684 /* ASIHttpHeaders.h in Sources */ = {isa = PBXBuildFile; fileRef = 040FD1471821297900710828 /* ASIHttpHeaders.h */; settings = {COMPILER_FLAGS = "-fno-objc-arc"; }; };
		9357ED22188E546D00C79684 /* ASIHTTPRequest.h in Sources */ = {isa = PBXBuildFile; fileRef = 040FD1481821297900710828 /* ASIHTTPRequest.h */; settings = {COMPILER_FLAGS = "-fno-objc-arc"; }; };
		9357ED23188E546D00C79684 /* ASIHTTPRequest.m in Sources */ = {isa = PBXBuildFile; fileRef = 040FD1491821297900710828 /* ASIHTTPRequest.m */; settings = {COMPILER_FLAGS = "-fno-objc-arc"; }; };
		9357ED24188E546D00C79684 /* ASIHTTPRequestConfig.h in Sources */ = {isa = PBXBuildFile; fileRef = 040FD14A1821297900710828 /* ASIHTTPRequestConfig.h */; settings = {COMPILER_FLAGS = "-fno-objc-arc"; }; };
		9357ED25188E546D00C79684 /* ASIHTTPRequestDelegate.h in Sources */ = {isa = PBXBuildFile; fileRef = 040FD14B1821297900710828 /* ASIHTTPRequestDelegate.h */; settings = {COMPILER_FLAGS = "-fno-objc-arc"; }; };
		9357ED26188E546D00C79684 /* ASIInputStream.h in Sources */ = {isa = PBXBuildFile; fileRef = 040FD14C1821297900710828 /* ASIInputStream.h */; settings = {COMPILER_FLAGS = "-fno-objc-arc"; }; };
		9357ED27188E546D00C79684 /* ASIInputStream.m in Sources */ = {isa = PBXBuildFile; fileRef = 040FD14D1821297900710828 /* ASIInputStream.m */; settings = {COMPILER_FLAGS = "-fno-objc-arc"; }; };
		9357ED28188E546D00C79684 /* ASINetworkQueue.h in Sources */ = {isa = PBXBuildFile; fileRef = 040FD14E1821297900710828 /* ASINetworkQueue.h */; settings = {COMPILER_FLAGS = "-fno-objc-arc"; }; };
		9357ED29188E546D00C79684 /* ASINetworkQueue.m in Sources */ = {isa = PBXBuildFile; fileRef = 040FD14F1821297900710828 /* ASINetworkQueue.m */; settings = {COMPILER_FLAGS = "-fno-objc-arc"; }; };
		9357ED2A188E546D00C79684 /* ASIProgressDelegate.h in Sources */ = {isa = PBXBuildFile; fileRef = 040FD1501821297900710828 /* ASIProgressDelegate.h */; settings = {COMPILER_FLAGS = "-fno-objc-arc"; }; };
		9357ED2B188E546D00C79684 /* Reachability.h in Sources */ = {isa = PBXBuildFile; fileRef = 040FD1511821297900710828 /* Reachability.h */; settings = {COMPILER_FLAGS = "-fno-objc-arc"; }; };
		9357ED2C188E546D00C79684 /* Reachability.m in Sources */ = {isa = PBXBuildFile; fileRef = 040FD1521821297900710828 /* Reachability.m */; settings = {COMPILER_FLAGS = "-fno-objc-arc"; }; };
		9357ED31188E607700C79684 /* MainViewController.m in Sources */ = {isa = PBXBuildFile; fileRef = 9357ED30188E607700C79684 /* MainViewController.m */; };
		9357ED39188E64A600C79684 /* XCTest.framework in Frameworks */ = {isa = PBXBuildFile; fileRef = 0408E5981810F4B600A8E7B4 /* XCTest.framework */; };
		9357ED3A188E64A600C79684 /* Foundation.framework in Frameworks */ = {isa = PBXBuildFile; fileRef = 0408E5791810F4B600A8E7B4 /* Foundation.framework */; };
		9357ED3B188E64A600C79684 /* UIKit.framework in Frameworks */ = {isa = PBXBuildFile; fileRef = 0408E57D1810F4B600A8E7B4 /* UIKit.framework */; };
		9357ED41188E64A600C79684 /* InfoPlist.strings in Resources */ = {isa = PBXBuildFile; fileRef = 9357ED3F188E64A600C79684 /* InfoPlist.strings */; };
		9357ED43188E64A600C79684 /* BennyDriving_Tests.m in Sources */ = {isa = PBXBuildFile; fileRef = 9357ED42188E64A600C79684 /* BennyDriving_Tests.m */; };
		9357ED4C188E65A800C79684 /* LoginNetWorkRequest.m in Sources */ = {isa = PBXBuildFile; fileRef = 9357ED4B188E65A800C79684 /* LoginNetWorkRequest.m */; };
		938B3ED31864274C00DC3DA9 /* 启动界面-640_1136.png in Resources */ = {isa = PBXBuildFile; fileRef = 938B3ED11864274C00DC3DA9 /* 启动界面-640_1136.png */; };
		938B3ED41864274C00DC3DA9 /* 启动界面-640_960.png in Resources */ = {isa = PBXBuildFile; fileRef = 938B3ED21864274C00DC3DA9 /* 启动界面-640_960.png */; };
		938B3EE31864460300DC3DA9 /* bg.png in Resources */ = {isa = PBXBuildFile; fileRef = 938B3EE21864460300DC3DA9 /* bg.png */; };
		939D670B1897791D00D95AB6 /* FileManagerConfig.m in Sources */ = {isa = PBXBuildFile; fileRef = 939D670A1897791D00D95AB6 /* FileManagerConfig.m */; };
		939D6756189A51DB00D95AB6 /* MBProgressHUD.m in Sources */ = {isa = PBXBuildFile; fileRef = 939D6755189A51DB00D95AB6 /* MBProgressHUD.m */; };
		939D675F189A641300D95AB6 /* LeftView.m in Sources */ = {isa = PBXBuildFile; fileRef = 939D675A189A641300D95AB6 /* LeftView.m */; };
		939D6760189A641300D95AB6 /* RightView.m in Sources */ = {isa = PBXBuildFile; fileRef = 939D675C189A641300D95AB6 /* RightView.m */; };
		939D6761189A641300D95AB6 /* SMViewController.m in Sources */ = {isa = PBXBuildFile; fileRef = 939D675E189A641300D95AB6 /* SMViewController.m */; };
		939E02EE189B8BDD00FE7DBD /* DriverOrderManage.m in Sources */ = {isa = PBXBuildFile; fileRef = 939E02ED189B8BDD00FE7DBD /* DriverOrderManage.m */; };
		939E02F1189B994300FE7DBD /* DriverLocationInfo.m in Sources */ = {isa = PBXBuildFile; fileRef = 939E02F0189B994300FE7DBD /* DriverLocationInfo.m */; };
		939E02F4189BA55200FE7DBD /* TaximeterInfo.m in Sources */ = {isa = PBXBuildFile; fileRef = 939E02F3189BA55200FE7DBD /* TaximeterInfo.m */; };
		939E02F7189BA5F700FE7DBD /* DriverInfoModal.m in Sources */ = {isa = PBXBuildFile; fileRef = 939E02F6189BA5F700FE7DBD /* DriverInfoModal.m */; };
/* End PBXBuildFile section */

/* Begin PBXContainerItemProxy section */
		9357ED45188E64A600C79684 /* PBXContainerItemProxy */ = {
			isa = PBXContainerItemProxy;
			containerPortal = 0408E56E1810F4B600A8E7B4 /* Project object */;
			proxyType = 1;
			remoteGlobalIDString = 0408E5751810F4B600A8E7B4;
			remoteInfo = BennyDriving;
		};
/* End PBXContainerItemProxy section */

/* Begin PBXFileReference section */
		0408E5761810F4B600A8E7B4 /* BennyDriving.app */ = {isa = PBXFileReference; explicitFileType = wrapper.application; includeInIndex = 0; path = BennyDriving.app; sourceTree = BUILT_PRODUCTS_DIR; };
		0408E5791810F4B600A8E7B4 /* Foundation.framework */ = {isa = PBXFileReference; lastKnownFileType = wrapper.framework; name = Foundation.framework; path = System/Library/Frameworks/Foundation.framework; sourceTree = SDKROOT; };
		0408E57B1810F4B600A8E7B4 /* CoreGraphics.framework */ = {isa = PBXFileReference; lastKnownFileType = wrapper.framework; name = CoreGraphics.framework; path = System/Library/Frameworks/CoreGraphics.framework; sourceTree = SDKROOT; };
		0408E57D1810F4B600A8E7B4 /* UIKit.framework */ = {isa = PBXFileReference; lastKnownFileType = wrapper.framework; name = UIKit.framework; path = System/Library/Frameworks/UIKit.framework; sourceTree = SDKROOT; };
		0408E5811810F4B600A8E7B4 /* BennyDriving-Info.plist */ = {isa = PBXFileReference; lastKnownFileType = text.plist.xml; path = "BennyDriving-Info.plist"; sourceTree = "<group>"; };
		0408E5831810F4B600A8E7B4 /* en */ = {isa = PBXFileReference; lastKnownFileType = text.plist.strings; name = en; path = en.lproj/InfoPlist.strings; sourceTree = "<group>"; };
		0408E5851810F4B600A8E7B4 /* main.m */ = {isa = PBXFileReference; lastKnownFileType = sourcecode.c.objc; path = main.m; sourceTree = "<group>"; };
		0408E5871810F4B600A8E7B4 /* BennyDriving-Prefix.pch */ = {isa = PBXFileReference; lastKnownFileType = sourcecode.c.h; path = "BennyDriving-Prefix.pch"; sourceTree = "<group>"; };
		0408E5881810F4B600A8E7B4 /* AppDelegate.h */ = {isa = PBXFileReference; lastKnownFileType = sourcecode.c.h; path = AppDelegate.h; sourceTree = "<group>"; };
		0408E5891810F4B600A8E7B4 /* AppDelegate.m */ = {isa = PBXFileReference; lastKnownFileType = sourcecode.c.objc; path = AppDelegate.m; sourceTree = "<group>"; };
		0408E58C1810F4B600A8E7B4 /* Base */ = {isa = PBXFileReference; lastKnownFileType = file.storyboard; name = Base; path = Base.lproj/Main.storyboard; sourceTree = "<group>"; };
		0408E5911810F4B600A8E7B4 /* Images.xcassets */ = {isa = PBXFileReference; lastKnownFileType = folder.assetcatalog; path = Images.xcassets; sourceTree = "<group>"; };
		0408E5981810F4B600A8E7B4 /* XCTest.framework */ = {isa = PBXFileReference; lastKnownFileType = wrapper.framework; name = XCTest.framework; path = Library/Frameworks/XCTest.framework; sourceTree = DEVELOPER_DIR; };
		0408E5A01810F4B600A8E7B4 /* BennyDrivingTests-Info.plist */ = {isa = PBXFileReference; lastKnownFileType = text.plist.xml; path = "BennyDrivingTests-Info.plist"; sourceTree = "<group>"; };
		0408E5A21810F4B600A8E7B4 /* en */ = {isa = PBXFileReference; lastKnownFileType = text.plist.strings; name = en; path = en.lproj/InfoPlist.strings; sourceTree = "<group>"; };
		0408E5A41810F4B600A8E7B4 /* BennyDrivingTests.m */ = {isa = PBXFileReference; lastKnownFileType = sourcecode.c.objc; path = BennyDrivingTests.m; sourceTree = "<group>"; };
		040FD1401821297900710828 /* ASIAuthenticationDialog.h */ = {isa = PBXFileReference; fileEncoding = 4; lastKnownFileType = sourcecode.c.h; path = ASIAuthenticationDialog.h; sourceTree = "<group>"; };
		040FD1411821297900710828 /* ASIAuthenticationDialog.m */ = {isa = PBXFileReference; fileEncoding = 4; lastKnownFileType = sourcecode.c.objc; path = ASIAuthenticationDialog.m; sourceTree = "<group>"; };
		040FD1421821297900710828 /* ASICacheDelegate.h */ = {isa = PBXFileReference; fileEncoding = 4; lastKnownFileType = sourcecode.c.h; path = ASICacheDelegate.h; sourceTree = "<group>"; };
		040FD1431821297900710828 /* ASIDownloadCache.h */ = {isa = PBXFileReference; fileEncoding = 4; lastKnownFileType = sourcecode.c.h; path = ASIDownloadCache.h; sourceTree = "<group>"; };
		040FD1441821297900710828 /* ASIDownloadCache.m */ = {isa = PBXFileReference; fileEncoding = 4; lastKnownFileType = sourcecode.c.objc; path = ASIDownloadCache.m; sourceTree = "<group>"; };
		040FD1451821297900710828 /* ASIFormDataRequest.h */ = {isa = PBXFileReference; fileEncoding = 4; lastKnownFileType = sourcecode.c.h; path = ASIFormDataRequest.h; sourceTree = "<group>"; };
		040FD1461821297900710828 /* ASIFormDataRequest.m */ = {isa = PBXFileReference; fileEncoding = 4; lastKnownFileType = sourcecode.c.objc; path = ASIFormDataRequest.m; sourceTree = "<group>"; };
		040FD1471821297900710828 /* ASIHttpHeaders.h */ = {isa = PBXFileReference; fileEncoding = 4; lastKnownFileType = sourcecode.c.h; path = ASIHttpHeaders.h; sourceTree = "<group>"; };
		040FD1481821297900710828 /* ASIHTTPRequest.h */ = {isa = PBXFileReference; fileEncoding = 4; lastKnownFileType = sourcecode.c.h; path = ASIHTTPRequest.h; sourceTree = "<group>"; };
		040FD1491821297900710828 /* ASIHTTPRequest.m */ = {isa = PBXFileReference; fileEncoding = 4; lastKnownFileType = sourcecode.c.objc; path = ASIHTTPRequest.m; sourceTree = "<group>"; };
		040FD14A1821297900710828 /* ASIHTTPRequestConfig.h */ = {isa = PBXFileReference; fileEncoding = 4; lastKnownFileType = sourcecode.c.h; path = ASIHTTPRequestConfig.h; sourceTree = "<group>"; };
		040FD14B1821297900710828 /* ASIHTTPRequestDelegate.h */ = {isa = PBXFileReference; fileEncoding = 4; lastKnownFileType = sourcecode.c.h; path = ASIHTTPRequestDelegate.h; sourceTree = "<group>"; };
		040FD14C1821297900710828 /* ASIInputStream.h */ = {isa = PBXFileReference; fileEncoding = 4; lastKnownFileType = sourcecode.c.h; path = ASIInputStream.h; sourceTree = "<group>"; };
		040FD14D1821297900710828 /* ASIInputStream.m */ = {isa = PBXFileReference; fileEncoding = 4; lastKnownFileType = sourcecode.c.objc; path = ASIInputStream.m; sourceTree = "<group>"; };
		040FD14E1821297900710828 /* ASINetworkQueue.h */ = {isa = PBXFileReference; fileEncoding = 4; lastKnownFileType = sourcecode.c.h; path = ASINetworkQueue.h; sourceTree = "<group>"; };
		040FD14F1821297900710828 /* ASINetworkQueue.m */ = {isa = PBXFileReference; fileEncoding = 4; lastKnownFileType = sourcecode.c.objc; path = ASINetworkQueue.m; sourceTree = "<group>"; };
		040FD1501821297900710828 /* ASIProgressDelegate.h */ = {isa = PBXFileReference; fileEncoding = 4; lastKnownFileType = sourcecode.c.h; path = ASIProgressDelegate.h; sourceTree = "<group>"; };
		040FD1511821297900710828 /* Reachability.h */ = {isa = PBXFileReference; fileEncoding = 4; lastKnownFileType = sourcecode.c.h; path = Reachability.h; sourceTree = "<group>"; };
		040FD1521821297900710828 /* Reachability.m */ = {isa = PBXFileReference; fileEncoding = 4; lastKnownFileType = sourcecode.c.objc; path = Reachability.m; sourceTree = "<group>"; };
		040FD17818212E4300710828 /* CFNetwork.framework */ = {isa = PBXFileReference; lastKnownFileType = wrapper.framework; name = CFNetwork.framework; path = System/Library/Frameworks/CFNetwork.framework; sourceTree = SDKROOT; };
		040FD17A182133B300710828 /* SystemConfiguration.framework */ = {isa = PBXFileReference; lastKnownFileType = wrapper.framework; name = SystemConfiguration.framework; path = System/Library/Frameworks/SystemConfiguration.framework; sourceTree = SDKROOT; };
		040FD17C182133D700710828 /* MobileCoreServices.framework */ = {isa = PBXFileReference; lastKnownFileType = wrapper.framework; name = MobileCoreServices.framework; path = System/Library/Frameworks/MobileCoreServices.framework; sourceTree = SDKROOT; };
		040FD17E1821342B00710828 /* libz.1.2.5.dylib */ = {isa = PBXFileReference; lastKnownFileType = "compiled.mach-o.dylib"; name = libz.1.2.5.dylib; path = usr/lib/libz.1.2.5.dylib; sourceTree = SDKROOT; };
		930B6E681845E9E600A7A1E2 /* en */ = {isa = PBXFileReference; lastKnownFileType = text.plist.strings; name = en; path = en.lproj/Main.strings; sourceTree = "<group>"; };
		9311C07A188E49B100595665 /* 司机端app logo-57x57.png */ = {isa = PBXFileReference; lastKnownFileType = image.png; path = "司机端app logo-57x57.png"; sourceTree = "<group>"; };
		9311C07B188E49B100595665 /* 司机端app logo-114x114.png */ = {isa = PBXFileReference; lastKnownFileType = image.png; path = "司机端app logo-114x114.png"; sourceTree = "<group>"; };
		9311C07E188E4CCA00595665 /* ASIAuthenticationDialog.h */ = {isa = PBXFileReference; fileEncoding = 4; lastKnownFileType = sourcecode.c.h; path = ASIAuthenticationDialog.h; sourceTree = "<group>"; };
		9311C07F188E4CCA00595665 /* ASIAuthenticationDialog.m */ = {isa = PBXFileReference; fileEncoding = 4; lastKnownFileType = sourcecode.c.objc; path = ASIAuthenticationDialog.m; sourceTree = "<group>"; };
		9311C080188E4CCA00595665 /* ASICacheDelegate.h */ = {isa = PBXFileReference; fileEncoding = 4; lastKnownFileType = sourcecode.c.h; path = ASICacheDelegate.h; sourceTree = "<group>"; };
		9311C081188E4CCA00595665 /* ASIDataCompressor.h */ = {isa = PBXFileReference; fileEncoding = 4; lastKnownFileType = sourcecode.c.h; path = ASIDataCompressor.h; sourceTree = "<group>"; };
		9311C082188E4CCA00595665 /* ASIDataCompressor.m */ = {isa = PBXFileReference; fileEncoding = 4; lastKnownFileType = sourcecode.c.objc; path = ASIDataCompressor.m; sourceTree = "<group>"; };
		9311C083188E4CCA00595665 /* ASIDataDecompressor.h */ = {isa = PBXFileReference; fileEncoding = 4; lastKnownFileType = sourcecode.c.h; path = ASIDataDecompressor.h; sourceTree = "<group>"; };
		9311C084188E4CCA00595665 /* ASIDataDecompressor.m */ = {isa = PBXFileReference; fileEncoding = 4; lastKnownFileType = sourcecode.c.objc; path = ASIDataDecompressor.m; sourceTree = "<group>"; };
		9311C085188E4CCA00595665 /* ASIDownloadCache.h */ = {isa = PBXFileReference; fileEncoding = 4; lastKnownFileType = sourcecode.c.h; path = ASIDownloadCache.h; sourceTree = "<group>"; };
		9311C086188E4CCA00595665 /* ASIDownloadCache.m */ = {isa = PBXFileReference; fileEncoding = 4; lastKnownFileType = sourcecode.c.objc; path = ASIDownloadCache.m; sourceTree = "<group>"; };
		9311C087188E4CCA00595665 /* ASIFormDataRequest.h */ = {isa = PBXFileReference; fileEncoding = 4; lastKnownFileType = sourcecode.c.h; path = ASIFormDataRequest.h; sourceTree = "<group>"; };
		9311C088188E4CCA00595665 /* ASIFormDataRequest.m */ = {isa = PBXFileReference; fileEncoding = 4; lastKnownFileType = sourcecode.c.objc; path = ASIFormDataRequest.m; sourceTree = "<group>"; };
		9311C089188E4CCA00595665 /* ASIHTTPRequest.h */ = {isa = PBXFileReference; fileEncoding = 4; lastKnownFileType = sourcecode.c.h; path = ASIHTTPRequest.h; sourceTree = "<group>"; };
		9311C08A188E4CCA00595665 /* ASIHTTPRequest.m */ = {isa = PBXFileReference; fileEncoding = 4; lastKnownFileType = sourcecode.c.objc; path = ASIHTTPRequest.m; sourceTree = "<group>"; };
		9311C08B188E4CCA00595665 /* ASIHTTPRequestConfig.h */ = {isa = PBXFileReference; fileEncoding = 4; lastKnownFileType = sourcecode.c.h; path = ASIHTTPRequestConfig.h; sourceTree = "<group>"; };
		9311C08C188E4CCA00595665 /* ASIHTTPRequestDelegate.h */ = {isa = PBXFileReference; fileEncoding = 4; lastKnownFileType = sourcecode.c.h; path = ASIHTTPRequestDelegate.h; sourceTree = "<group>"; };
		9311C08D188E4CCA00595665 /* ASIInputStream.h */ = {isa = PBXFileReference; fileEncoding = 4; lastKnownFileType = sourcecode.c.h; path = ASIInputStream.h; sourceTree = "<group>"; };
		9311C08E188E4CCA00595665 /* ASIInputStream.m */ = {isa = PBXFileReference; fileEncoding = 4; lastKnownFileType = sourcecode.c.objc; path = ASIInputStream.m; sourceTree = "<group>"; };
		9311C08F188E4CCA00595665 /* ASINetworkQueue.h */ = {isa = PBXFileReference; fileEncoding = 4; lastKnownFileType = sourcecode.c.h; path = ASINetworkQueue.h; sourceTree = "<group>"; };
		9311C090188E4CCA00595665 /* ASINetworkQueue.m */ = {isa = PBXFileReference; fileEncoding = 4; lastKnownFileType = sourcecode.c.objc; path = ASINetworkQueue.m; sourceTree = "<group>"; };
		9311C091188E4CCA00595665 /* ASIProgressDelegate.h */ = {isa = PBXFileReference; fileEncoding = 4; lastKnownFileType = sourcecode.c.h; path = ASIProgressDelegate.h; sourceTree = "<group>"; };
		9311C093188E4CCA00595665 /* ASIWebPageRequest.h */ = {isa = PBXFileReference; fileEncoding = 4; lastKnownFileType = sourcecode.c.h; path = ASIWebPageRequest.h; sourceTree = "<group>"; };
		9311C094188E4CCA00595665 /* ASIWebPageRequest.m */ = {isa = PBXFileReference; fileEncoding = 4; lastKnownFileType = sourcecode.c.objc; path = ASIWebPageRequest.m; sourceTree = "<group>"; };
		9311C096188E4CCA00595665 /* ASICloudFilesCDNRequest.h */ = {isa = PBXFileReference; fileEncoding = 4; lastKnownFileType = sourcecode.c.h; path = ASICloudFilesCDNRequest.h; sourceTree = "<group>"; };
		9311C097188E4CCA00595665 /* ASICloudFilesCDNRequest.m */ = {isa = PBXFileReference; fileEncoding = 4; lastKnownFileType = sourcecode.c.objc; path = ASICloudFilesCDNRequest.m; sourceTree = "<group>"; };
		9311C098188E4CCA00595665 /* ASICloudFilesContainer.h */ = {isa = PBXFileReference; fileEncoding = 4; lastKnownFileType = sourcecode.c.h; path = ASICloudFilesContainer.h; sourceTree = "<group>"; };
		9311C099188E4CCA00595665 /* ASICloudFilesContainer.m */ = {isa = PBXFileReference; fileEncoding = 4; lastKnownFileType = sourcecode.c.objc; path = ASICloudFilesContainer.m; sourceTree = "<group>"; };
		9311C09A188E4CCA00595665 /* ASICloudFilesContainerRequest.h */ = {isa = PBXFileReference; fileEncoding = 4; lastKnownFileType = sourcecode.c.h; path = ASICloudFilesContainerRequest.h; sourceTree = "<group>"; };
		9311C09B188E4CCA00595665 /* ASICloudFilesContainerRequest.m */ = {isa = PBXFileReference; fileEncoding = 4; lastKnownFileType = sourcecode.c.objc; path = ASICloudFilesContainerRequest.m; sourceTree = "<group>"; };
		9311C09C188E4CCA00595665 /* ASICloudFilesContainerXMLParserDelegate.h */ = {isa = PBXFileReference; fileEncoding = 4; lastKnownFileType = sourcecode.c.h; path = ASICloudFilesContainerXMLParserDelegate.h; sourceTree = "<group>"; };
		9311C09D188E4CCA00595665 /* ASICloudFilesContainerXMLParserDelegate.m */ = {isa = PBXFileReference; fileEncoding = 4; lastKnownFileType = sourcecode.c.objc; path = ASICloudFilesContainerXMLParserDelegate.m; sourceTree = "<group>"; };
		9311C09E188E4CCA00595665 /* ASICloudFilesObject.h */ = {isa = PBXFileReference; fileEncoding = 4; lastKnownFileType = sourcecode.c.h; path = ASICloudFilesObject.h; sourceTree = "<group>"; };
		9311C09F188E4CCA00595665 /* ASICloudFilesObject.m */ = {isa = PBXFileReference; fileEncoding = 4; lastKnownFileType = sourcecode.c.objc; path = ASICloudFilesObject.m; sourceTree = "<group>"; };
		9311C0A0188E4CCA00595665 /* ASICloudFilesObjectRequest.h */ = {isa = PBXFileReference; fileEncoding = 4; lastKnownFileType = sourcecode.c.h; path = ASICloudFilesObjectRequest.h; sourceTree = "<group>"; };
		9311C0A1188E4CCA00595665 /* ASICloudFilesObjectRequest.m */ = {isa = PBXFileReference; fileEncoding = 4; lastKnownFileType = sourcecode.c.objc; path = ASICloudFilesObjectRequest.m; sourceTree = "<group>"; };
		9311C0A2188E4CCA00595665 /* ASICloudFilesRequest.h */ = {isa = PBXFileReference; fileEncoding = 4; lastKnownFileType = sourcecode.c.h; path = ASICloudFilesRequest.h; sourceTree = "<group>"; };
		9311C0A3188E4CCA00595665 /* ASICloudFilesRequest.m */ = {isa = PBXFileReference; fileEncoding = 4; lastKnownFileType = sourcecode.c.objc; path = ASICloudFilesRequest.m; sourceTree = "<group>"; };
		9311C0A5188E4CCA00595665 /* Reachability.h */ = {isa = PBXFileReference; fileEncoding = 4; lastKnownFileType = sourcecode.c.h; path = Reachability.h; sourceTree = "<group>"; };
		9311C0A6188E4CCA00595665 /* Reachability.m */ = {isa = PBXFileReference; fileEncoding = 4; lastKnownFileType = sourcecode.c.objc; path = Reachability.m; sourceTree = "<group>"; };
		9311C0A8188E4CCA00595665 /* ASINSXMLParserCompat.h */ = {isa = PBXFileReference; fileEncoding = 4; lastKnownFileType = sourcecode.c.h; path = ASINSXMLParserCompat.h; sourceTree = "<group>"; };
		9311C0A9188E4CCA00595665 /* ASIS3Bucket.h */ = {isa = PBXFileReference; fileEncoding = 4; lastKnownFileType = sourcecode.c.h; path = ASIS3Bucket.h; sourceTree = "<group>"; };
		9311C0AA188E4CCA00595665 /* ASIS3Bucket.m */ = {isa = PBXFileReference; fileEncoding = 4; lastKnownFileType = sourcecode.c.objc; path = ASIS3Bucket.m; sourceTree = "<group>"; };
		9311C0AB188E4CCA00595665 /* ASIS3BucketObject.h */ = {isa = PBXFileReference; fileEncoding = 4; lastKnownFileType = sourcecode.c.h; path = ASIS3BucketObject.h; sourceTree = "<group>"; };
		9311C0AC188E4CCA00595665 /* ASIS3BucketObject.m */ = {isa = PBXFileReference; fileEncoding = 4; lastKnownFileType = sourcecode.c.objc; path = ASIS3BucketObject.m; sourceTree = "<group>"; };
		9311C0AD188E4CCA00595665 /* ASIS3BucketRequest.h */ = {isa = PBXFileReference; fileEncoding = 4; lastKnownFileType = sourcecode.c.h; path = ASIS3BucketRequest.h; sourceTree = "<group>"; };
		9311C0AE188E4CCA00595665 /* ASIS3BucketRequest.m */ = {isa = PBXFileReference; fileEncoding = 4; lastKnownFileType = sourcecode.c.objc; path = ASIS3BucketRequest.m; sourceTree = "<group>"; };
		9311C0AF188E4CCA00595665 /* ASIS3ObjectRequest.h */ = {isa = PBXFileReference; fileEncoding = 4; lastKnownFileType = sourcecode.c.h; path = ASIS3ObjectRequest.h; sourceTree = "<group>"; };
		9311C0B0188E4CCA00595665 /* ASIS3ObjectRequest.m */ = {isa = PBXFileReference; fileEncoding = 4; lastKnownFileType = sourcecode.c.objc; path = ASIS3ObjectRequest.m; sourceTree = "<group>"; };
		9311C0B1188E4CCA00595665 /* ASIS3Request.h */ = {isa = PBXFileReference; fileEncoding = 4; lastKnownFileType = sourcecode.c.h; path = ASIS3Request.h; sourceTree = "<group>"; };
		9311C0B2188E4CCA00595665 /* ASIS3Request.m */ = {isa = PBXFileReference; fileEncoding = 4; lastKnownFileType = sourcecode.c.objc; path = ASIS3Request.m; sourceTree = "<group>"; };
		9311C0B3188E4CCA00595665 /* ASIS3ServiceRequest.h */ = {isa = PBXFileReference; fileEncoding = 4; lastKnownFileType = sourcecode.c.h; path = ASIS3ServiceRequest.h; sourceTree = "<group>"; };
		9311C0B4188E4CCA00595665 /* ASIS3ServiceRequest.m */ = {isa = PBXFileReference; fileEncoding = 4; lastKnownFileType = sourcecode.c.objc; path = ASIS3ServiceRequest.m; sourceTree = "<group>"; };
		9311C0CC188E4F1C00595665 /* libxml2.2.dylib */ = {isa = PBXFileReference; lastKnownFileType = "compiled.mach-o.dylib"; name = libxml2.2.dylib; path = usr/lib/libxml2.2.dylib; sourceTree = SDKROOT; };
		931721E218615EA400652C58 /* DriverLoginAction.h */ = {isa = PBXFileReference; fileEncoding = 4; lastKnownFileType = sourcecode.c.h; path = DriverLoginAction.h; sourceTree = "<group>"; };
		931721E318615EA400652C58 /* DriverLoginAction.m */ = {isa = PBXFileReference; fileEncoding = 4; lastKnownFileType = sourcecode.c.objc; path = DriverLoginAction.m; sourceTree = "<group>"; };
		931721E81861870000652C58 /* HttpRequestDataConfig.h */ = {isa = PBXFileReference; fileEncoding = 4; lastKnownFileType = sourcecode.c.h; path = HttpRequestDataConfig.h; sourceTree = "<group>"; };
		931721E91861870000652C58 /* HttpRequestDataConfig.m */ = {isa = PBXFileReference; fileEncoding = 4; lastKnownFileType = sourcecode.c.objc; path = HttpRequestDataConfig.m; sourceTree = "<group>"; };
		931721EB18618BCF00652C58 /* HttpJsonDataConfig.h */ = {isa = PBXFileReference; fileEncoding = 4; lastKnownFileType = sourcecode.c.h; path = HttpJsonDataConfig.h; sourceTree = "<group>"; };
		931721EC18618BCF00652C58 /* HttpJsonDataConfig.m */ = {isa = PBXFileReference; fileEncoding = 4; lastKnownFileType = sourcecode.c.objc; path = HttpJsonDataConfig.m; sourceTree = "<group>"; };
		933FAE8F18476EE8004DE5D5 /* 55stars.png */ = {isa = PBXFileReference; lastKnownFileType = image.png; path = 55stars.png; sourceTree = "<group>"; };
		933FAE9118476EE8004DE5D5 /* icon_left.png */ = {isa = PBXFileReference; lastKnownFileType = image.png; path = icon_left.png; sourceTree = "<group>"; };
		933FAE9218476EE8004DE5D5 /* icon_phn.png */ = {isa = PBXFileReference; lastKnownFileType = image.png; path = icon_phn.png; sourceTree = "<group>"; };
		933FAE9318476EE8004DE5D5 /* icon_right.png */ = {isa = PBXFileReference; lastKnownFileType = image.png; path = icon_right.png; sourceTree = "<group>"; };
		933FAE9418476EE8004DE5D5 /* login_bg.png */ = {isa = PBXFileReference; lastKnownFileType = image.png; path = login_bg.png; sourceTree = "<group>"; };
		933FAE9518476EE8004DE5D5 /* login_etpassword.png */ = {isa = PBXFileReference; lastKnownFileType = image.png; path = login_etpassword.png; sourceTree = "<group>"; };
		933FAE9618476EE8004DE5D5 /* login_etphn.png */ = {isa = PBXFileReference; lastKnownFileType = image.png; path = login_etphn.png; sourceTree = "<group>"; };
		933FAE9718476EE8004DE5D5 /* login_face.png */ = {isa = PBXFileReference; lastKnownFileType = image.png; path = login_face.png; sourceTree = "<group>"; };
		933FAE9818476EE8004DE5D5 /* Login_remberpassword_on.png */ = {isa = PBXFileReference; lastKnownFileType = image.png; path = Login_remberpassword_on.png; sourceTree = "<group>"; };
		933FAE9918476EE8004DE5D5 /* Login_remeberpassword_off.png */ = {isa = PBXFileReference; lastKnownFileType = image.png; path = Login_remeberpassword_off.png; sourceTree = "<group>"; };
		933FAE9A18476EE8004DE5D5 /* login_submit.png */ = {isa = PBXFileReference; lastKnownFileType = image.png; path = login_submit.png; sourceTree = "<group>"; };
		933FAE9B18476EE8004DE5D5 /* main_dw.png */ = {isa = PBXFileReference; lastKnownFileType = image.png; path = main_dw.png; sourceTree = "<group>"; };
		933FAE9C18476EE8004DE5D5 /* main_fw.png */ = {isa = PBXFileReference; lastKnownFileType = image.png; path = main_fw.png; sourceTree = "<group>"; };
		933FAE9D18476EE8004DE5D5 /* main_sx.png */ = {isa = PBXFileReference; lastKnownFileType = image.png; path = main_sx.png; sourceTree = "<group>"; };
		933FAEB118477063004DE5D5 /* DriverAcceptOrderInfoEntity.h */ = {isa = PBXFileReference; fileEncoding = 4; lastKnownFileType = sourcecode.c.h; path = DriverAcceptOrderInfoEntity.h; sourceTree = "<group>"; };
		933FAEB218477063004DE5D5 /* DriverAcceptOrderInfoEntity.m */ = {isa = PBXFileReference; fileEncoding = 4; lastKnownFileType = sourcecode.c.objc; path = DriverAcceptOrderInfoEntity.m; sourceTree = "<group>"; };
		933FAEB318477063004DE5D5 /* DriverAdditionInfoEntity.h */ = {isa = PBXFileReference; fileEncoding = 4; lastKnownFileType = sourcecode.c.h; path = DriverAdditionInfoEntity.h; sourceTree = "<group>"; };
		933FAEB418477063004DE5D5 /* DriverAdditionInfoEntity.m */ = {isa = PBXFileReference; fileEncoding = 4; lastKnownFileType = sourcecode.c.objc; path = DriverAdditionInfoEntity.m; sourceTree = "<group>"; };
		933FAEB518477063004DE5D5 /* DriverConsumptionRecordInfoEntity.h */ = {isa = PBXFileReference; fileEncoding = 4; lastKnownFileType = sourcecode.c.h; path = DriverConsumptionRecordInfoEntity.h; sourceTree = "<group>"; };
		933FAEB618477063004DE5D5 /* DriverConsumptionRecordInfoEntity.m */ = {isa = PBXFileReference; fileEncoding = 4; lastKnownFileType = sourcecode.c.objc; path = DriverConsumptionRecordInfoEntity.m; sourceTree = "<group>"; };
		933FAEB718477063004DE5D5 /* DriverCustomEvaluatedInfoEntity.h */ = {isa = PBXFileReference; fileEncoding = 4; lastKnownFileType = sourcecode.c.h; path = DriverCustomEvaluatedInfoEntity.h; sourceTree = "<group>"; };
		933FAEB818477063004DE5D5 /* DriverCustomEvaluatedInfoEntity.m */ = {isa = PBXFileReference; fileEncoding = 4; lastKnownFileType = sourcecode.c.objc; path = DriverCustomEvaluatedInfoEntity.m; sourceTree = "<group>"; };
		933FAEB918477063004DE5D5 /* DriverHistoryOrderListInfoEntity.h */ = {isa = PBXFileReference; fileEncoding = 4; lastKnownFileType = sourcecode.c.h; path = DriverHistoryOrderListInfoEntity.h; sourceTree = "<group>"; };
		933FAEBA18477063004DE5D5 /* DriverHistoryOrderListInfoEntity.m */ = {isa = PBXFileReference; fileEncoding = 4; lastKnownFileType = sourcecode.c.objc; path = DriverHistoryOrderListInfoEntity.m; sourceTree = "<group>"; };
		933FAEBB18477063004DE5D5 /* DriverInfoEntity.h */ = {isa = PBXFileReference; fileEncoding = 4; lastKnownFileType = sourcecode.c.h; path = DriverInfoEntity.h; sourceTree = "<group>"; };
		933FAEBC18477063004DE5D5 /* DriverInfoEntity.m */ = {isa = PBXFileReference; fileEncoding = 4; lastKnownFileType = sourcecode.c.objc; path = DriverInfoEntity.m; sourceTree = "<group>"; };
		933FAEBD18477063004DE5D5 /* DriverLocationInfoEntity.h */ = {isa = PBXFileReference; fileEncoding = 4; lastKnownFileType = sourcecode.c.h; path = DriverLocationInfoEntity.h; sourceTree = "<group>"; };
		933FAEBE18477063004DE5D5 /* DriverLocationInfoEntity.m */ = {isa = PBXFileReference; fileEncoding = 4; lastKnownFileType = sourcecode.c.objc; path = DriverLocationInfoEntity.m; sourceTree = "<group>"; };
		933FAEBF18477063004DE5D5 /* DriverLoginInfoEntity.h */ = {isa = PBXFileReference; fileEncoding = 4; lastKnownFileType = sourcecode.c.h; path = DriverLoginInfoEntity.h; sourceTree = "<group>"; };
		933FAEC018477063004DE5D5 /* DriverLoginInfoEntity.m */ = {isa = PBXFileReference; fileEncoding = 4; lastKnownFileType = sourcecode.c.objc; path = DriverLoginInfoEntity.m; sourceTree = "<group>"; };
		933FAEC118477063004DE5D5 /* DriverOrderListPoolInfoEntity.h */ = {isa = PBXFileReference; fileEncoding = 4; lastKnownFileType = sourcecode.c.h; path = DriverOrderListPoolInfoEntity.h; sourceTree = "<group>"; };
		933FAEC218477063004DE5D5 /* DriverOrderListPoolInfoEntity.m */ = {isa = PBXFileReference; fileEncoding = 4; lastKnownFileType = sourcecode.c.objc; path = DriverOrderListPoolInfoEntity.m; sourceTree = "<group>"; };
		933FAEC318477063004DE5D5 /* DriverProtocolSignInfoEntity.h */ = {isa = PBXFileReference; fileEncoding = 4; lastKnownFileType = sourcecode.c.h; path = DriverProtocolSignInfoEntity.h; sourceTree = "<group>"; };
		933FAEC418477063004DE5D5 /* DriverProtocolSignInfoEntity.m */ = {isa = PBXFileReference; fileEncoding = 4; lastKnownFileType = sourcecode.c.objc; path = DriverProtocolSignInfoEntity.m; sourceTree = "<group>"; };
		933FAEC518477063004DE5D5 /* DriverSuggestionInfoEntity.h */ = {isa = PBXFileReference; fileEncoding = 4; lastKnownFileType = sourcecode.c.h; path = DriverSuggestionInfoEntity.h; sourceTree = "<group>"; };
		933FAEC618477063004DE5D5 /* DriverSuggestionInfoEntity.m */ = {isa = PBXFileReference; fileEncoding = 4; lastKnownFileType = sourcecode.c.objc; path = DriverSuggestionInfoEntity.m; sourceTree = "<group>"; };
		933FAEC718477063004DE5D5 /* DriverTopUpRecordInfoEntity.h */ = {isa = PBXFileReference; fileEncoding = 4; lastKnownFileType = sourcecode.c.h; path = DriverTopUpRecordInfoEntity.h; sourceTree = "<group>"; };
		933FAEC818477063004DE5D5 /* DriverTopUpRecordInfoEntity.m */ = {isa = PBXFileReference; fileEncoding = 4; lastKnownFileType = sourcecode.c.objc; path = DriverTopUpRecordInfoEntity.m; sourceTree = "<group>"; };
		933FAEC918477063004DE5D5 /* DriverWithDrawMoneyRecordInfoEntity.h */ = {isa = PBXFileReference; fileEncoding = 4; lastKnownFileType = sourcecode.c.h; path = DriverWithDrawMoneyRecordInfoEntity.h; sourceTree = "<group>"; };
		933FAECA18477063004DE5D5 /* DriverWithDrawMoneyRecordInfoEntity.m */ = {isa = PBXFileReference; fileEncoding = 4; lastKnownFileType = sourcecode.c.objc; path = DriverWithDrawMoneyRecordInfoEntity.m; sourceTree = "<group>"; };
		9357ED2F188E607700C79684 /* MainViewController.h */ = {isa = PBXFileReference; fileEncoding = 4; lastKnownFileType = sourcecode.c.h; path = MainViewController.h; sourceTree = "<group>"; };
		9357ED30188E607700C79684 /* MainViewController.m */ = {isa = PBXFileReference; fileEncoding = 4; lastKnownFileType = sourcecode.c.objc; path = MainViewController.m; sourceTree = "<group>"; };
		9357ED32188E61E000C79684 /* EntityHandleHeader.h */ = {isa = PBXFileReference; fileEncoding = 4; lastKnownFileType = sourcecode.c.h; path = EntityHandleHeader.h; sourceTree = "<group>"; };
		9357ED33188E62AC00C79684 /* URLInfomationHeader.h */ = {isa = PBXFileReference; fileEncoding = 4; lastKnownFileType = sourcecode.c.h; path = URLInfomationHeader.h; sourceTree = "<group>"; };
		9357ED38188E64A600C79684 /* BennyDriving Tests.xctest */ = {isa = PBXFileReference; explicitFileType = wrapper.cfbundle; includeInIndex = 0; path = "BennyDriving Tests.xctest"; sourceTree = BUILT_PRODUCTS_DIR; };
		9357ED3E188E64A600C79684 /* BennyDriving Tests-Info.plist */ = {isa = PBXFileReference; lastKnownFileType = text.plist.xml; path = "BennyDriving Tests-Info.plist"; sourceTree = "<group>"; };
		9357ED40188E64A600C79684 /* en */ = {isa = PBXFileReference; lastKnownFileType = text.plist.strings; name = en; path = en.lproj/InfoPlist.strings; sourceTree = "<group>"; };
		9357ED42188E64A600C79684 /* BennyDriving_Tests.m */ = {isa = PBXFileReference; lastKnownFileType = sourcecode.c.objc; path = BennyDriving_Tests.m; sourceTree = "<group>"; };
		9357ED44188E64A600C79684 /* BennyDriving Tests-Prefix.pch */ = {isa = PBXFileReference; lastKnownFileType = sourcecode.c.h; path = "BennyDriving Tests-Prefix.pch"; sourceTree = "<group>"; };
		9357ED4A188E65A800C79684 /* LoginNetWorkRequest.h */ = {isa = PBXFileReference; fileEncoding = 4; lastKnownFileType = sourcecode.c.h; path = LoginNetWorkRequest.h; sourceTree = "<group>"; };
		9357ED4B188E65A800C79684 /* LoginNetWorkRequest.m */ = {isa = PBXFileReference; fileEncoding = 4; lastKnownFileType = sourcecode.c.objc; path = LoginNetWorkRequest.m; sourceTree = "<group>"; };
		938B3ED11864274C00DC3DA9 /* 启动界面-640_1136.png */ = {isa = PBXFileReference; lastKnownFileType = image.png; path = "启动界面-640_1136.png"; sourceTree = "<group>"; };
		938B3ED21864274C00DC3DA9 /* 启动界面-640_960.png */ = {isa = PBXFileReference; lastKnownFileType = image.png; path = "启动界面-640_960.png"; sourceTree = "<group>"; };
		938B3EE21864460300DC3DA9 /* bg.png */ = {isa = PBXFileReference; lastKnownFileType = image.png; path = bg.png; sourceTree = "<group>"; };
		939D67091897791D00D95AB6 /* FileManagerConfig.h */ = {isa = PBXFileReference; fileEncoding = 4; lastKnownFileType = sourcecode.c.h; path = FileManagerConfig.h; sourceTree = "<group>"; };
		939D670A1897791D00D95AB6 /* FileManagerConfig.m */ = {isa = PBXFileReference; fileEncoding = 4; lastKnownFileType = sourcecode.c.objc; path = FileManagerConfig.m; sourceTree = "<group>"; };
		939D6754189A51DB00D95AB6 /* MBProgressHUD.h */ = {isa = PBXFileReference; fileEncoding = 4; lastKnownFileType = sourcecode.c.h; path = MBProgressHUD.h; sourceTree = "<group>"; };
		939D6755189A51DB00D95AB6 /* MBProgressHUD.m */ = {isa = PBXFileReference; fileEncoding = 4; lastKnownFileType = sourcecode.c.objc; path = MBProgressHUD.m; sourceTree = "<group>"; };
		939D6759189A641300D95AB6 /* LeftView.h */ = {isa = PBXFileReference; fileEncoding = 4; lastKnownFileType = sourcecode.c.h; path = LeftView.h; sourceTree = "<group>"; };
		939D675A189A641300D95AB6 /* LeftView.m */ = {isa = PBXFileReference; fileEncoding = 4; lastKnownFileType = sourcecode.c.objc; path = LeftView.m; sourceTree = "<group>"; };
		939D675B189A641300D95AB6 /* RightView.h */ = {isa = PBXFileReference; fileEncoding = 4; lastKnownFileType = sourcecode.c.h; path = RightView.h; sourceTree = "<group>"; };
		939D675C189A641300D95AB6 /* RightView.m */ = {isa = PBXFileReference; fileEncoding = 4; lastKnownFileType = sourcecode.c.objc; path = RightView.m; sourceTree = "<group>"; };
		939D675D189A641300D95AB6 /* SMViewController.h */ = {isa = PBXFileReference; fileEncoding = 4; lastKnownFileType = sourcecode.c.h; path = SMViewController.h; sourceTree = "<group>"; };
		939D675E189A641300D95AB6 /* SMViewController.m */ = {isa = PBXFileReference; fileEncoding = 4; lastKnownFileType = sourcecode.c.objc; path = SMViewController.m; sourceTree = "<group>"; };
		939E02EC189B8BDD00FE7DBD /* DriverOrderManage.h */ = {isa = PBXFileReference; fileEncoding = 4; lastKnownFileType = sourcecode.c.h; path = DriverOrderManage.h; sourceTree = "<group>"; };
		939E02ED189B8BDD00FE7DBD /* DriverOrderManage.m */ = {isa = PBXFileReference; fileEncoding = 4; lastKnownFileType = sourcecode.c.objc; path = DriverOrderManage.m; sourceTree = "<group>"; };
		939E02EF189B994300FE7DBD /* DriverLocationInfo.h */ = {isa = PBXFileReference; fileEncoding = 4; lastKnownFileType = sourcecode.c.h; path = DriverLocationInfo.h; sourceTree = "<group>"; };
		939E02F0189B994300FE7DBD /* DriverLocationInfo.m */ = {isa = PBXFileReference; fileEncoding = 4; lastKnownFileType = sourcecode.c.objc; path = DriverLocationInfo.m; sourceTree = "<group>"; };
		939E02F2189BA55200FE7DBD /* TaximeterInfo.h */ = {isa = PBXFileReference; fileEncoding = 4; lastKnownFileType = sourcecode.c.h; path = TaximeterInfo.h; sourceTree = "<group>"; };
		939E02F3189BA55200FE7DBD /* TaximeterInfo.m */ = {isa = PBXFileReference; fileEncoding = 4; lastKnownFileType = sourcecode.c.objc; path = TaximeterInfo.m; sourceTree = "<group>"; };
		939E02F5189BA5F700FE7DBD /* DriverInfoModal.h */ = {isa = PBXFileReference; fileEncoding = 4; lastKnownFileType = sourcecode.c.h; path = DriverInfoModal.h; sourceTree = "<group>"; };
		939E02F6189BA5F700FE7DBD /* DriverInfoModal.m */ = {isa = PBXFileReference; fileEncoding = 4; lastKnownFileType = sourcecode.c.objc; path = DriverInfoModal.m; sourceTree = "<group>"; };
/* End PBXFileReference section */

/* Begin PBXFrameworksBuildPhase section */
		0408E5731810F4B600A8E7B4 /* Frameworks */ = {
			isa = PBXFrameworksBuildPhase;
			buildActionMask = 2147483647;
			files = (
				9311C0CD188E4F1C00595665 /* libxml2.2.dylib in Frameworks */,
				040FD17F1821342B00710828 /* libz.1.2.5.dylib in Frameworks */,
				0408E57C1810F4B600A8E7B4 /* CoreGraphics.framework in Frameworks */,
				040FD17D182133D700710828 /* MobileCoreServices.framework in Frameworks */,
				040FD17B182133B300710828 /* SystemConfiguration.framework in Frameworks */,
				040FD17918212E4300710828 /* CFNetwork.framework in Frameworks */,
				0408E57E1810F4B600A8E7B4 /* UIKit.framework in Frameworks */,
				0408E57A1810F4B600A8E7B4 /* Foundation.framework in Frameworks */,
			);
			runOnlyForDeploymentPostprocessing = 0;
		};
		9357ED35188E64A600C79684 /* Frameworks */ = {
			isa = PBXFrameworksBuildPhase;
			buildActionMask = 2147483647;
			files = (
				9357ED39188E64A600C79684 /* XCTest.framework in Frameworks */,
				9357ED3B188E64A600C79684 /* UIKit.framework in Frameworks */,
				9357ED3A188E64A600C79684 /* Foundation.framework in Frameworks */,
			);
			runOnlyForDeploymentPostprocessing = 0;
		};
/* End PBXFrameworksBuildPhase section */

/* Begin PBXGroup section */
		0408E56D1810F4B600A8E7B4 = {
			isa = PBXGroup;
			children = (
				0408E57F1810F4B600A8E7B4 /* BennyDriving */,
				0408E59E1810F4B600A8E7B4 /* BennyDrivingTests */,
				9357ED3C188E64A600C79684 /* BennyDriving Tests */,
				0408E5781810F4B600A8E7B4 /* Frameworks */,
				0408E5771810F4B600A8E7B4 /* Products */,
			);
			sourceTree = "<group>";
		};
		0408E5771810F4B600A8E7B4 /* Products */ = {
			isa = PBXGroup;
			children = (
				0408E5761810F4B600A8E7B4 /* BennyDriving.app */,
				9357ED38188E64A600C79684 /* BennyDriving Tests.xctest */,
			);
			name = Products;
			sourceTree = "<group>";
		};
		0408E5781810F4B600A8E7B4 /* Frameworks */ = {
			isa = PBXGroup;
			children = (
				9311C0CC188E4F1C00595665 /* libxml2.2.dylib */,
				040FD17E1821342B00710828 /* libz.1.2.5.dylib */,
				040FD17C182133D700710828 /* MobileCoreServices.framework */,
				040FD17A182133B300710828 /* SystemConfiguration.framework */,
				040FD17818212E4300710828 /* CFNetwork.framework */,
				0408E5791810F4B600A8E7B4 /* Foundation.framework */,
				0408E57B1810F4B600A8E7B4 /* CoreGraphics.framework */,
				0408E57D1810F4B600A8E7B4 /* UIKit.framework */,
				0408E5981810F4B600A8E7B4 /* XCTest.framework */,
			);
			name = Frameworks;
			sourceTree = "<group>";
		};
		0408E57F1810F4B600A8E7B4 /* BennyDriving */ = {
			isa = PBXGroup;
			children = (
				0408E5AE1810F57600A8E7B4 /* ResourceFiles */,
				0408E5B21810F57600A8E7B4 /* SourceCode */,
				0408E5881810F4B600A8E7B4 /* AppDelegate.h */,
				0408E5891810F4B600A8E7B4 /* AppDelegate.m */,
				0408E58B1810F4B600A8E7B4 /* Main.storyboard */,
				0408E5911810F4B600A8E7B4 /* Images.xcassets */,
				0408E5801810F4B600A8E7B4 /* Supporting Files */,
			);
			path = BennyDriving;
			sourceTree = "<group>";
		};
		0408E5801810F4B600A8E7B4 /* Supporting Files */ = {
			isa = PBXGroup;
			children = (
				0408E5811810F4B600A8E7B4 /* BennyDriving-Info.plist */,
				0408E5821810F4B600A8E7B4 /* InfoPlist.strings */,
				0408E5851810F4B600A8E7B4 /* main.m */,
				0408E5871810F4B600A8E7B4 /* BennyDriving-Prefix.pch */,
			);
			name = "Supporting Files";
			sourceTree = "<group>";
		};
		0408E59E1810F4B600A8E7B4 /* BennyDrivingTests */ = {
			isa = PBXGroup;
			children = (
				0408E5A41810F4B600A8E7B4 /* BennyDrivingTests.m */,
				0408E59F1810F4B600A8E7B4 /* Supporting Files */,
			);
			path = BennyDrivingTests;
			sourceTree = "<group>";
		};
		0408E59F1810F4B600A8E7B4 /* Supporting Files */ = {
			isa = PBXGroup;
			children = (
				0408E5A01810F4B600A8E7B4 /* BennyDrivingTests-Info.plist */,
				0408E5A11810F4B600A8E7B4 /* InfoPlist.strings */,
			);
			name = "Supporting Files";
			sourceTree = "<group>";
		};
		0408E5AE1810F57600A8E7B4 /* ResourceFiles */ = {
			isa = PBXGroup;
			children = (
				933FAE8D18476EE8004DE5D5 /* Audios */,
				933FAE8E18476EE8004DE5D5 /* Images */,
				933FAE9E18476EE8004DE5D5 /* Videos */,
			);
			path = ResourceFiles;
			sourceTree = "<group>";
		};
		0408E5B21810F57600A8E7B4 /* SourceCode */ = {
			isa = PBXGroup;
			children = (
				0408E5B31810F57600A8E7B4 /* AdditionFramWork */,
				0408E5B61810F57600A8E7B4 /* CoreCode */,
			);
			path = SourceCode;
			sourceTree = "<group>";
		};
		0408E5B31810F57600A8E7B4 /* AdditionFramWork */ = {
			isa = PBXGroup;
			children = (
				939D6753189A51DB00D95AB6 /* com.benny.add.uikit */,
				040FD13E1820E41E00710828 /* com.benny.add.network */,
				0408E5B41810F57600A8E7B4 /* com.benny.add.gps */,
				0408E5B51810F57600A8E7B4 /* com.benny.add.map */,
			);
			path = AdditionFramWork;
			sourceTree = "<group>";
		};
		0408E5B41810F57600A8E7B4 /* com.benny.add.gps */ = {
			isa = PBXGroup;
			children = (
			);
			path = com.benny.add.gps;
			sourceTree = "<group>";
		};
		0408E5B51810F57600A8E7B4 /* com.benny.add.map */ = {
			isa = PBXGroup;
			children = (
			);
			path = com.benny.add.map;
			sourceTree = "<group>";
		};
		0408E5B61810F57600A8E7B4 /* CoreCode */ = {
			isa = PBXGroup;
			children = (
				9357ED2E188E605A00C79684 /* com.benny.ui */,
				933FAEAD18477063004DE5D5 /* com.benny.configruation */,
				933FAEAE18477063004DE5D5 /* com.benny.control */,
				933FAEAF18477063004DE5D5 /* com.benny.customuikit */,
				933FAEB018477063004DE5D5 /* com.benny.entity */,
				933FAECB18477063004DE5D5 /* com.benny.entity.pub */,
				933FAECC18477063004DE5D5 /* com.benny.gps */,
				933FAECD18477063004DE5D5 /* com.benny.map */,
				933FAECE18477063004DE5D5 /* com.benny.model */,
				933FAECF18477063004DE5D5 /* com.benny.network */,
				933FAED218477063004DE5D5 /* com.benny.server */,
				933FAED318477063004DE5D5 /* com.benny.thread */,
			);
			path = CoreCode;
			sourceTree = "<group>";
		};
		040FD13E1820E41E00710828 /* com.benny.add.network */ = {
			isa = PBXGroup;
			children = (
				040FD13F1821297900710828 /* ASIHttpRequest */,
			);
			path = com.benny.add.network;
			sourceTree = "<group>";
		};
		040FD13F1821297900710828 /* ASIHttpRequest */ = {
			isa = PBXGroup;
			children = (
				040FD1401821297900710828 /* ASIAuthenticationDialog.h */,
				040FD1411821297900710828 /* ASIAuthenticationDialog.m */,
				040FD1421821297900710828 /* ASICacheDelegate.h */,
				040FD1431821297900710828 /* ASIDownloadCache.h */,
				040FD1441821297900710828 /* ASIDownloadCache.m */,
				040FD1451821297900710828 /* ASIFormDataRequest.h */,
				040FD1461821297900710828 /* ASIFormDataRequest.m */,
				040FD1471821297900710828 /* ASIHttpHeaders.h */,
				040FD1481821297900710828 /* ASIHTTPRequest.h */,
				040FD1491821297900710828 /* ASIHTTPRequest.m */,
				040FD14A1821297900710828 /* ASIHTTPRequestConfig.h */,
				040FD14B1821297900710828 /* ASIHTTPRequestDelegate.h */,
				040FD14C1821297900710828 /* ASIInputStream.h */,
				040FD14D1821297900710828 /* ASIInputStream.m */,
				040FD14E1821297900710828 /* ASINetworkQueue.h */,
				040FD14F1821297900710828 /* ASINetworkQueue.m */,
				040FD1501821297900710828 /* ASIProgressDelegate.h */,
				040FD1511821297900710828 /* Reachability.h */,
				040FD1521821297900710828 /* Reachability.m */,
			);
			path = ASIHttpRequest;
			sourceTree = "<group>";
		};
		9311C092188E4CCA00595665 /* ASIWebPageRequest */ = {
			isa = PBXGroup;
			children = (
				9311C093188E4CCA00595665 /* ASIWebPageRequest.h */,
				9311C094188E4CCA00595665 /* ASIWebPageRequest.m */,
			);
			path = ASIWebPageRequest;
			sourceTree = "<group>";
		};
		9311C095188E4CCA00595665 /* CloudFiles */ = {
			isa = PBXGroup;
			children = (
				9311C096188E4CCA00595665 /* ASICloudFilesCDNRequest.h */,
				9311C097188E4CCA00595665 /* ASICloudFilesCDNRequest.m */,
				9311C098188E4CCA00595665 /* ASICloudFilesContainer.h */,
				9311C099188E4CCA00595665 /* ASICloudFilesContainer.m */,
				9311C09A188E4CCA00595665 /* ASICloudFilesContainerRequest.h */,
				9311C09B188E4CCA00595665 /* ASICloudFilesContainerRequest.m */,
				9311C09C188E4CCA00595665 /* ASICloudFilesContainerXMLParserDelegate.h */,
				9311C09D188E4CCA00595665 /* ASICloudFilesContainerXMLParserDelegate.m */,
				9311C09E188E4CCA00595665 /* ASICloudFilesObject.h */,
				9311C09F188E4CCA00595665 /* ASICloudFilesObject.m */,
				9311C0A0188E4CCA00595665 /* ASICloudFilesObjectRequest.h */,
				9311C0A1188E4CCA00595665 /* ASICloudFilesObjectRequest.m */,
				9311C0A2188E4CCA00595665 /* ASICloudFilesRequest.h */,
				9311C0A3188E4CCA00595665 /* ASICloudFilesRequest.m */,
			);
			path = CloudFiles;
			sourceTree = "<group>";
		};
		9311C0A4188E4CCA00595665 /* Reachability */ = {
			isa = PBXGroup;
			children = (
				9311C0A5188E4CCA00595665 /* Reachability.h */,
				9311C0A6188E4CCA00595665 /* Reachability.m */,
			);
			path = Reachability;
			sourceTree = "<group>";
		};
		9311C0A7188E4CCA00595665 /* S3 */ = {
			isa = PBXGroup;
			children = (
				9311C0A8188E4CCA00595665 /* ASINSXMLParserCompat.h */,
				9311C0A9188E4CCA00595665 /* ASIS3Bucket.h */,
				9311C0AA188E4CCA00595665 /* ASIS3Bucket.m */,
				9311C0AB188E4CCA00595665 /* ASIS3BucketObject.h */,
				9311C0AC188E4CCA00595665 /* ASIS3BucketObject.m */,
				9311C0AD188E4CCA00595665 /* ASIS3BucketRequest.h */,
				9311C0AE188E4CCA00595665 /* ASIS3BucketRequest.m */,
				9311C0AF188E4CCA00595665 /* ASIS3ObjectRequest.h */,
				9311C0B0188E4CCA00595665 /* ASIS3ObjectRequest.m */,
				9311C0B1188E4CCA00595665 /* ASIS3Request.h */,
				9311C0B2188E4CCA00595665 /* ASIS3Request.m */,
				9311C0B3188E4CCA00595665 /* ASIS3ServiceRequest.h */,
				9311C0B4188E4CCA00595665 /* ASIS3ServiceRequest.m */,
			);
			path = S3;
			sourceTree = "<group>";
		};
		933FAE8D18476EE8004DE5D5 /* Audios */ = {
			isa = PBXGroup;
			children = (
			);
			path = Audios;
			sourceTree = "<group>";
		};
		933FAE8E18476EE8004DE5D5 /* Images */ = {
			isa = PBXGroup;
			children = (
				938B3EE21864460300DC3DA9 /* bg.png */,
				938B3ED51864455500DC3DA9 /* ServerCenterImage */,
				938B3ED01864274C00DC3DA9 /* launchImage */,
				938B3ECB1864223600DC3DA9 /* logo */,
				933FAE8F18476EE8004DE5D5 /* 55stars.png */,
				933FAE9018476EE8004DE5D5 /* MainMenuImg */,
			);
			path = Images;
			sourceTree = "<group>";
		};
		933FAE9018476EE8004DE5D5 /* MainMenuImg */ = {
			isa = PBXGroup;
			children = (
				933FAE9118476EE8004DE5D5 /* icon_left.png */,
				933FAE9218476EE8004DE5D5 /* icon_phn.png */,
				933FAE9318476EE8004DE5D5 /* icon_right.png */,
				933FAE9418476EE8004DE5D5 /* login_bg.png */,
				933FAE9518476EE8004DE5D5 /* login_etpassword.png */,
				933FAE9618476EE8004DE5D5 /* login_etphn.png */,
				933FAE9718476EE8004DE5D5 /* login_face.png */,
				933FAE9818476EE8004DE5D5 /* Login_remberpassword_on.png */,
				933FAE9918476EE8004DE5D5 /* Login_remeberpassword_off.png */,
				933FAE9A18476EE8004DE5D5 /* login_submit.png */,
				933FAE9B18476EE8004DE5D5 /* main_dw.png */,
				933FAE9C18476EE8004DE5D5 /* main_fw.png */,
				933FAE9D18476EE8004DE5D5 /* main_sx.png */,
			);
			path = MainMenuImg;
			sourceTree = "<group>";
		};
		933FAE9E18476EE8004DE5D5 /* Videos */ = {
			isa = PBXGroup;
			children = (
			);
			path = Videos;
			sourceTree = "<group>";
		};
		933FAEAD18477063004DE5D5 /* com.benny.configruation */ = {
			isa = PBXGroup;
			children = (
				931721E81861870000652C58 /* HttpRequestDataConfig.h */,
				931721E91861870000652C58 /* HttpRequestDataConfig.m */,
				931721EB18618BCF00652C58 /* HttpJsonDataConfig.h */,
				931721EC18618BCF00652C58 /* HttpJsonDataConfig.m */,
				9357ED32188E61E000C79684 /* EntityHandleHeader.h */,
				9357ED33188E62AC00C79684 /* URLInfomationHeader.h */,
				939D67091897791D00D95AB6 /* FileManagerConfig.h */,
				939D670A1897791D00D95AB6 /* FileManagerConfig.m */,
			);
			path = com.benny.configruation;
			sourceTree = "<group>";
		};
		933FAEAE18477063004DE5D5 /* com.benny.control */ = {
			isa = PBXGroup;
			children = (
				931721E218615EA400652C58 /* DriverLoginAction.h */,
				931721E318615EA400652C58 /* DriverLoginAction.m */,
			);
			path = com.benny.control;
			sourceTree = "<group>";
		};
		933FAEAF18477063004DE5D5 /* com.benny.customuikit */ = {
			isa = PBXGroup;
			children = (
			);
			path = com.benny.customuikit;
			sourceTree = "<group>";
		};
		933FAEB018477063004DE5D5 /* com.benny.entity */ = {
			isa = PBXGroup;
			children = (
				933FAEB118477063004DE5D5 /* DriverAcceptOrderInfoEntity.h */,
				933FAEB218477063004DE5D5 /* DriverAcceptOrderInfoEntity.m */,
				933FAEB318477063004DE5D5 /* DriverAdditionInfoEntity.h */,
				933FAEB418477063004DE5D5 /* DriverAdditionInfoEntity.m */,
				933FAEB518477063004DE5D5 /* DriverConsumptionRecordInfoEntity.h */,
				933FAEB618477063004DE5D5 /* DriverConsumptionRecordInfoEntity.m */,
				933FAEB718477063004DE5D5 /* DriverCustomEvaluatedInfoEntity.h */,
				933FAEB818477063004DE5D5 /* DriverCustomEvaluatedInfoEntity.m */,
				933FAEB918477063004DE5D5 /* DriverHistoryOrderListInfoEntity.h */,
				933FAEBA18477063004DE5D5 /* DriverHistoryOrderListInfoEntity.m */,
				933FAEBB18477063004DE5D5 /* DriverInfoEntity.h */,
				933FAEBC18477063004DE5D5 /* DriverInfoEntity.m */,
				933FAEBD18477063004DE5D5 /* DriverLocationInfoEntity.h */,
				933FAEBE18477063004DE5D5 /* DriverLocationInfoEntity.m */,
				933FAEBF18477063004DE5D5 /* DriverLoginInfoEntity.h */,
				933FAEC018477063004DE5D5 /* DriverLoginInfoEntity.m */,
				933FAEC118477063004DE5D5 /* DriverOrderListPoolInfoEntity.h */,
				933FAEC218477063004DE5D5 /* DriverOrderListPoolInfoEntity.m */,
				933FAEC318477063004DE5D5 /* DriverProtocolSignInfoEntity.h */,
				933FAEC418477063004DE5D5 /* DriverProtocolSignInfoEntity.m */,
				933FAEC518477063004DE5D5 /* DriverSuggestionInfoEntity.h */,
				933FAEC618477063004DE5D5 /* DriverSuggestionInfoEntity.m */,
				933FAEC718477063004DE5D5 /* DriverTopUpRecordInfoEntity.h */,
				933FAEC818477063004DE5D5 /* DriverTopUpRecordInfoEntity.m */,
				933FAEC918477063004DE5D5 /* DriverWithDrawMoneyRecordInfoEntity.h */,
				933FAECA18477063004DE5D5 /* DriverWithDrawMoneyRecordInfoEntity.m */,
			);
			path = com.benny.entity;
			sourceTree = "<group>";
		};
		933FAECB18477063004DE5D5 /* com.benny.entity.pub */ = {
			isa = PBXGroup;
			children = (
			);
			path = com.benny.entity.pub;
			sourceTree = "<group>";
		};
		933FAECC18477063004DE5D5 /* com.benny.gps */ = {
			isa = PBXGroup;
			children = (
			);
			path = com.benny.gps;
			sourceTree = "<group>";
		};
		933FAECD18477063004DE5D5 /* com.benny.map */ = {
			isa = PBXGroup;
			children = (
			);
			path = com.benny.map;
			sourceTree = "<group>";
		};
		933FAECE18477063004DE5D5 /* com.benny.model */ = {
			isa = PBXGroup;
			children = (
				9357ED4A188E65A800C79684 /* LoginNetWorkRequest.h */,
				9357ED4B188E65A800C79684 /* LoginNetWorkRequest.m */,
				939E02EC189B8BDD00FE7DBD /* DriverOrderManage.h */,
				939E02ED189B8BDD00FE7DBD /* DriverOrderManage.m */,
				939E02EF189B994300FE7DBD /* DriverLocationInfo.h */,
				939E02F0189B994300FE7DBD /* DriverLocationInfo.m */,
				939E02F2189BA55200FE7DBD /* TaximeterInfo.h */,
				939E02F3189BA55200FE7DBD /* TaximeterInfo.m */,
				939E02F5189BA5F700FE7DBD /* DriverInfoModal.h */,
				939E02F6189BA5F700FE7DBD /* DriverInfoModal.m */,
			);
			path = com.benny.model;
			sourceTree = "<group>";
		};
		933FAECF18477063004DE5D5 /* com.benny.network */ = {
			isa = PBXGroup;
			children = (
				9311C07E188E4CCA00595665 /* ASIAuthenticationDialog.h */,
				9311C07F188E4CCA00595665 /* ASIAuthenticationDialog.m */,
				9311C080188E4CCA00595665 /* ASICacheDelegate.h */,
				9311C081188E4CCA00595665 /* ASIDataCompressor.h */,
				9311C082188E4CCA00595665 /* ASIDataCompressor.m */,
				9311C083188E4CCA00595665 /* ASIDataDecompressor.h */,
				9311C084188E4CCA00595665 /* ASIDataDecompressor.m */,
				9311C085188E4CCA00595665 /* ASIDownloadCache.h */,
				9311C086188E4CCA00595665 /* ASIDownloadCache.m */,
				9311C087188E4CCA00595665 /* ASIFormDataRequest.h */,
				9311C088188E4CCA00595665 /* ASIFormDataRequest.m */,
				9311C089188E4CCA00595665 /* ASIHTTPRequest.h */,
				9311C08A188E4CCA00595665 /* ASIHTTPRequest.m */,
				9311C08B188E4CCA00595665 /* ASIHTTPRequestConfig.h */,
				9311C08C188E4CCA00595665 /* ASIHTTPRequestDelegate.h */,
				9311C08D188E4CCA00595665 /* ASIInputStream.h */,
				9311C08E188E4CCA00595665 /* ASIInputStream.m */,
				9311C08F188E4CCA00595665 /* ASINetworkQueue.h */,
				9311C090188E4CCA00595665 /* ASINetworkQueue.m */,
				9311C091188E4CCA00595665 /* ASIProgressDelegate.h */,
				9311C092188E4CCA00595665 /* ASIWebPageRequest */,
				9311C095188E4CCA00595665 /* CloudFiles */,
				9311C0A4188E4CCA00595665 /* Reachability */,
				9311C0A7188E4CCA00595665 /* S3 */,
			);
			path = com.benny.network;
			sourceTree = "<group>";
		};
		933FAED218477063004DE5D5 /* com.benny.server */ = {
			isa = PBXGroup;
			children = (
			);
			path = com.benny.server;
			sourceTree = "<group>";
		};
		933FAED318477063004DE5D5 /* com.benny.thread */ = {
			isa = PBXGroup;
			children = (
			);
			path = com.benny.thread;
			sourceTree = "<group>";
		};
		9357ED2E188E605A00C79684 /* com.benny.ui */ = {
			isa = PBXGroup;
			children = (
				9357ED2F188E607700C79684 /* MainViewController.h */,
				9357ED30188E607700C79684 /* MainViewController.m */,
			);
			path = com.benny.ui;
			sourceTree = "<group>";
		};
		9357ED3C188E64A600C79684 /* BennyDriving Tests */ = {
			isa = PBXGroup;
			children = (
				9357ED42188E64A600C79684 /* BennyDriving_Tests.m */,
				9357ED3D188E64A600C79684 /* Supporting Files */,
			);
			path = "BennyDriving Tests";
			sourceTree = "<group>";
		};
		9357ED3D188E64A600C79684 /* Supporting Files */ = {
			isa = PBXGroup;
			children = (
				9357ED3E188E64A600C79684 /* BennyDriving Tests-Info.plist */,
				9357ED3F188E64A600C79684 /* InfoPlist.strings */,
				9357ED44188E64A600C79684 /* BennyDriving Tests-Prefix.pch */,
			);
			name = "Supporting Files";
			sourceTree = "<group>";
		};
		938B3ECB1864223600DC3DA9 /* logo */ = {
			isa = PBXGroup;
			children = (
				9311C07A188E49B100595665 /* 司机端app logo-57x57.png */,
				9311C07B188E49B100595665 /* 司机端app logo-114x114.png */,
			);
			path = logo;
			sourceTree = "<group>";
		};
		938B3ED01864274C00DC3DA9 /* launchImage */ = {
			isa = PBXGroup;
			children = (
				938B3ED11864274C00DC3DA9 /* 启动界面-640_1136.png */,
				938B3ED21864274C00DC3DA9 /* 启动界面-640_960.png */,
			);
			path = launchImage;
			sourceTree = "<group>";
		};
		938B3ED51864455500DC3DA9 /* ServerCenterImage */ = {
			isa = PBXGroup;
			children = (
			);
			path = ServerCenterImage;
			sourceTree = "<group>";
		};
		939D6753189A51DB00D95AB6 /* com.benny.add.uikit */ = {
			isa = PBXGroup;
			children = (
				939D6759189A641300D95AB6 /* LeftView.h */,
				939D675A189A641300D95AB6 /* LeftView.m */,
				939D675B189A641300D95AB6 /* RightView.h */,
				939D675C189A641300D95AB6 /* RightView.m */,
				939D675D189A641300D95AB6 /* SMViewController.h */,
				939D675E189A641300D95AB6 /* SMViewController.m */,
				939D6754189A51DB00D95AB6 /* MBProgressHUD.h */,
				939D6755189A51DB00D95AB6 /* MBProgressHUD.m */,
			);
			path = com.benny.add.uikit;
			sourceTree = "<group>";
		};
/* End PBXGroup section */

/* Begin PBXNativeTarget section */
		0408E5751810F4B600A8E7B4 /* BennyDriving */ = {
			isa = PBXNativeTarget;
			buildConfigurationList = 0408E5A81810F4B600A8E7B4 /* Build configuration list for PBXNativeTarget "BennyDriving" */;
			buildPhases = (
				0408E5721810F4B600A8E7B4 /* Sources */,
				0408E5731810F4B600A8E7B4 /* Frameworks */,
				0408E5741810F4B600A8E7B4 /* Resources */,
			);
			buildRules = (
			);
			dependencies = (
			);
			name = BennyDriving;
			productName = BennyDriving;
			productReference = 0408E5761810F4B600A8E7B4 /* BennyDriving.app */;
			productType = "com.apple.product-type.application";
		};
		9357ED37188E64A600C79684 /* BennyDriving Tests */ = {
			isa = PBXNativeTarget;
			buildConfigurationList = 9357ED47188E64A600C79684 /* Build configuration list for PBXNativeTarget "BennyDriving Tests" */;
			buildPhases = (
				9357ED34188E64A600C79684 /* Sources */,
				9357ED35188E64A600C79684 /* Frameworks */,
				9357ED36188E64A600C79684 /* Resources */,
			);
			buildRules = (
			);
			dependencies = (
				9357ED46188E64A600C79684 /* PBXTargetDependency */,
			);
			name = "BennyDriving Tests";
			productName = "BennyDriving Tests";
			productReference = 9357ED38188E64A600C79684 /* BennyDriving Tests.xctest */;
			productType = "com.apple.product-type.bundle.unit-test";
		};
/* End PBXNativeTarget section */

/* Begin PBXProject section */
		0408E56E1810F4B600A8E7B4 /* Project object */ = {
			isa = PBXProject;
			attributes = {
				LastUpgradeCheck = 0500;
				ORGANIZATIONNAME = Alger;
				TargetAttributes = {
					9357ED37188E64A600C79684 = {
						TestTargetID = 0408E5751810F4B600A8E7B4;
					};
				};
			};
			buildConfigurationList = 0408E5711810F4B600A8E7B4 /* Build configuration list for PBXProject "BennyDriving" */;
			compatibilityVersion = "Xcode 3.2";
			developmentRegion = English;
			hasScannedForEncodings = 0;
			knownRegions = (
				en,
				Base,
			);
			mainGroup = 0408E56D1810F4B600A8E7B4;
			productRefGroup = 0408E5771810F4B600A8E7B4 /* Products */;
			projectDirPath = "";
			projectRoot = "";
			targets = (
				0408E5751810F4B600A8E7B4 /* BennyDriving */,
				9357ED37188E64A600C79684 /* BennyDriving Tests */,
			);
		};
/* End PBXProject section */

/* Begin PBXResourcesBuildPhase section */
		0408E5741810F4B600A8E7B4 /* Resources */ = {
			isa = PBXResourcesBuildPhase;
			buildActionMask = 2147483647;
			files = (
				933FAEA618476EE8004DE5D5 /* login_face.png in Resources */,
				933FAEA418476EE8004DE5D5 /* login_etpassword.png in Resources */,
				938B3ED31864274C00DC3DA9 /* 启动界面-640_1136.png in Resources */,
				933FAEA318476EE8004DE5D5 /* login_bg.png in Resources */,
				938B3ED41864274C00DC3DA9 /* 启动界面-640_960.png in Resources */,
				933FAEA818476EE8004DE5D5 /* Login_remeberpassword_off.png in Resources */,
				933FAEA218476EE8004DE5D5 /* icon_right.png in Resources */,
				933FAEA018476EE8004DE5D5 /* icon_left.png in Resources */,
				933FAEA118476EE8004DE5D5 /* icon_phn.png in Resources */,
				933FAEA718476EE8004DE5D5 /* Login_remberpassword_on.png in Resources */,
				9311C07D188E49B100595665 /* 司机端app logo-114x114.png in Resources */,
				933FAEA518476EE8004DE5D5 /* login_etphn.png in Resources */,
				0408E5921810F4B600A8E7B4 /* Images.xcassets in Resources */,
				938B3EE31864460300DC3DA9 /* bg.png in Resources */,
				933FAE9F18476EE8004DE5D5 /* 55stars.png in Resources */,
				9311C07C188E49B100595665 /* 司机端app logo-57x57.png in Resources */,
				0408E5841810F4B600A8E7B4 /* InfoPlist.strings in Resources */,
				0408E58D1810F4B600A8E7B4 /* Main.storyboard in Resources */,
				933FAEAC18476EE8004DE5D5 /* main_sx.png in Resources */,
				933FAEA918476EE8004DE5D5 /* login_submit.png in Resources */,
				933FAEAA18476EE8004DE5D5 /* main_dw.png in Resources */,
				933FAEAB18476EE8004DE5D5 /* main_fw.png in Resources */,
			);
			runOnlyForDeploymentPostprocessing = 0;
		};
		9357ED36188E64A600C79684 /* Resources */ = {
			isa = PBXResourcesBuildPhase;
			buildActionMask = 2147483647;
			files = (
				9357ED41188E64A600C79684 /* InfoPlist.strings in Resources */,
			);
			runOnlyForDeploymentPostprocessing = 0;
		};
/* End PBXResourcesBuildPhase section */

/* Begin PBXSourcesBuildPhase section */
		0408E5721810F4B600A8E7B4 /* Sources */ = {
			isa = PBXSourcesBuildPhase;
			buildActionMask = 2147483647;
			files = (
				9357ED1A188E546D00C79684 /* ASIAuthenticationDialog.h in Sources */,
				9357ED1B188E546D00C79684 /* ASIAuthenticationDialog.m in Sources */,
				9357ED1C188E546D00C79684 /* ASICacheDelegate.h in Sources */,
				9357ED1D188E546D00C79684 /* ASIDownloadCache.h in Sources */,
				9357ED1E188E546D00C79684 /* ASIDownloadCache.m in Sources */,
				9357ED1F188E546D00C79684 /* ASIFormDataRequest.h in Sources */,
				9357ED20188E546D00C79684 /* ASIFormDataRequest.m in Sources */,
				9357ED21188E546D00C79684 /* ASIHttpHeaders.h in Sources */,
				939D6761189A641300D95AB6 /* SMViewController.m in Sources */,
				9357ED22188E546D00C79684 /* ASIHTTPRequest.h in Sources */,
				939D6760189A641300D95AB6 /* RightView.m in Sources */,
				9357ED23188E546D00C79684 /* ASIHTTPRequest.m in Sources */,
				9357ED24188E546D00C79684 /* ASIHTTPRequestConfig.h in Sources */,
				9357ED31188E607700C79684 /* MainViewController.m in Sources */,
				9357ED25188E546D00C79684 /* ASIHTTPRequestDelegate.h in Sources */,
				939E02F4189BA55200FE7DBD /* TaximeterInfo.m in Sources */,
				939E02EE189B8BDD00FE7DBD /* DriverOrderManage.m in Sources */,
				939E02F7189BA5F700FE7DBD /* DriverInfoModal.m in Sources */,
				9357ED26188E546D00C79684 /* ASIInputStream.h in Sources */,
				9357ED4C188E65A800C79684 /* LoginNetWorkRequest.m in Sources */,
				939D670B1897791D00D95AB6 /* FileManagerConfig.m in Sources */,
				9357ED27188E546D00C79684 /* ASIInputStream.m in Sources */,
				939E02F1189B994300FE7DBD /* DriverLocationInfo.m in Sources */,
				939D6756189A51DB00D95AB6 /* MBProgressHUD.m in Sources */,
				9357ED28188E546D00C79684 /* ASINetworkQueue.h in Sources */,
				9357ED29188E546D00C79684 /* ASINetworkQueue.m in Sources */,
				9357ED2A188E546D00C79684 /* ASIProgressDelegate.h in Sources */,
				9357ED2B188E546D00C79684 /* Reachability.h in Sources */,
				9357ED2C188E546D00C79684 /* Reachability.m in Sources */,
				939D675F189A641300D95AB6 /* LeftView.m in Sources */,
				0408E58A1810F4B600A8E7B4 /* AppDelegate.m in Sources */,
				0408E5861810F4B600A8E7B4 /* main.m in Sources */,
			);
			runOnlyForDeploymentPostprocessing = 0;
		};
		9357ED34188E64A600C79684 /* Sources */ = {
			isa = PBXSourcesBuildPhase;
			buildActionMask = 2147483647;
			files = (
				9357ED43188E64A600C79684 /* BennyDriving_Tests.m in Sources */,
			);
			runOnlyForDeploymentPostprocessing = 0;
		};
/* End PBXSourcesBuildPhase section */

/* Begin PBXTargetDependency section */
		9357ED46188E64A600C79684 /* PBXTargetDependency */ = {
			isa = PBXTargetDependency;
			target = 0408E5751810F4B600A8E7B4 /* BennyDriving */;
			targetProxy = 9357ED45188E64A600C79684 /* PBXContainerItemProxy */;
		};
/* End PBXTargetDependency section */

/* Begin PBXVariantGroup section */
		0408E5821810F4B600A8E7B4 /* InfoPlist.strings */ = {
			isa = PBXVariantGroup;
			children = (
				0408E5831810F4B600A8E7B4 /* en */,
			);
			name = InfoPlist.strings;
			sourceTree = "<group>";
		};
		0408E58B1810F4B600A8E7B4 /* Main.storyboard */ = {
			isa = PBXVariantGroup;
			children = (
				0408E58C1810F4B600A8E7B4 /* Base */,
				930B6E681845E9E600A7A1E2 /* en */,
			);
			name = Main.storyboard;
			sourceTree = "<group>";
		};
		0408E5A11810F4B600A8E7B4 /* InfoPlist.strings */ = {
			isa = PBXVariantGroup;
			children = (
				0408E5A21810F4B600A8E7B4 /* en */,
			);
			name = InfoPlist.strings;
			sourceTree = "<group>";
		};
		9357ED3F188E64A600C79684 /* InfoPlist.strings */ = {
			isa = PBXVariantGroup;
			children = (
				9357ED40188E64A600C79684 /* en */,
			);
			name = InfoPlist.strings;
			sourceTree = "<group>";
		};
/* End PBXVariantGroup section */

/* Begin XCBuildConfiguration section */
		0408E5A61810F4B600A8E7B4 /* Debug */ = {
			isa = XCBuildConfiguration;
			buildSettings = {
				ALWAYS_SEARCH_USER_PATHS = NO;
				ARCHS = "$(ARCHS_STANDARD_INCLUDING_64_BIT)";
				CLANG_CXX_LANGUAGE_STANDARD = "gnu++0x";
				CLANG_CXX_LIBRARY = "libc++";
				CLANG_ENABLE_MODULES = YES;
				CLANG_ENABLE_OBJC_ARC = YES;
				CLANG_WARN_BOOL_CONVERSION = YES;
				CLANG_WARN_CONSTANT_CONVERSION = YES;
				CLANG_WARN_DIRECT_OBJC_ISA_USAGE = YES_ERROR;
				CLANG_WARN_EMPTY_BODY = YES;
				CLANG_WARN_ENUM_CONVERSION = YES;
				CLANG_WARN_INT_CONVERSION = YES;
				CLANG_WARN_OBJC_ROOT_CLASS = YES_ERROR;
				CLANG_WARN__DUPLICATE_METHOD_MATCH = YES;
				"CODE_SIGN_IDENTITY[sdk=iphoneos*]" = "iPhone Developer";
				COPY_PHASE_STRIP = NO;
				GCC_C_LANGUAGE_STANDARD = gnu99;
				GCC_DYNAMIC_NO_PIC = NO;
				GCC_OPTIMIZATION_LEVEL = 0;
				GCC_PREPROCESSOR_DEFINITIONS = (
					"DEBUG=1",
					"$(inherited)",
				);
				GCC_SYMBOLS_PRIVATE_EXTERN = NO;
				GCC_WARN_ABOUT_RETURN_TYPE = YES_ERROR;
				GCC_WARN_UNDECLARED_SELECTOR = YES;
				GCC_WARN_UNINITIALIZED_AUTOS = YES;
				GCC_WARN_UNUSED_FUNCTION = YES;
				GCC_WARN_UNUSED_VARIABLE = YES;
				IPHONEOS_DEPLOYMENT_TARGET = 7.0;
				ONLY_ACTIVE_ARCH = YES;
				SDKROOT = iphoneos7.0;
			};
			name = Debug;
		};
		0408E5A71810F4B600A8E7B4 /* Release */ = {
			isa = XCBuildConfiguration;
			buildSettings = {
				ALWAYS_SEARCH_USER_PATHS = NO;
				ARCHS = "$(ARCHS_STANDARD_INCLUDING_64_BIT)";
				CLANG_CXX_LANGUAGE_STANDARD = "gnu++0x";
				CLANG_CXX_LIBRARY = "libc++";
				CLANG_ENABLE_MODULES = YES;
				CLANG_ENABLE_OBJC_ARC = YES;
				CLANG_WARN_BOOL_CONVERSION = YES;
				CLANG_WARN_CONSTANT_CONVERSION = YES;
				CLANG_WARN_DIRECT_OBJC_ISA_USAGE = YES_ERROR;
				CLANG_WARN_EMPTY_BODY = YES;
				CLANG_WARN_ENUM_CONVERSION = YES;
				CLANG_WARN_INT_CONVERSION = YES;
				CLANG_WARN_OBJC_ROOT_CLASS = YES_ERROR;
				CLANG_WARN__DUPLICATE_METHOD_MATCH = YES;
				"CODE_SIGN_IDENTITY[sdk=iphoneos*]" = "iPhone Developer";
				COPY_PHASE_STRIP = YES;
				ENABLE_NS_ASSERTIONS = NO;
				GCC_C_LANGUAGE_STANDARD = gnu99;
				GCC_WARN_ABOUT_RETURN_TYPE = YES_ERROR;
				GCC_WARN_UNDECLARED_SELECTOR = YES;
				GCC_WARN_UNINITIALIZED_AUTOS = YES;
				GCC_WARN_UNUSED_FUNCTION = YES;
				GCC_WARN_UNUSED_VARIABLE = YES;
				IPHONEOS_DEPLOYMENT_TARGET = 7.0;
				SDKROOT = iphoneos7.0;
				VALIDATE_PRODUCT = YES;
			};
			name = Release;
		};
		0408E5A91810F4B600A8E7B4 /* Debug */ = {
			isa = XCBuildConfiguration;
			buildSettings = {
				ASSETCATALOG_COMPILER_APPICON_NAME = AppIcon;
				ASSETCATALOG_COMPILER_LAUNCHIMAGE_NAME = LaunchImage;
				GCC_PRECOMPILE_PREFIX_HEADER = YES;
				GCC_PREFIX_HEADER = "BennyDriving/BennyDriving-Prefix.pch";
				HEADER_SEARCH_PATHS = (
					"$(inherited)",
					/Applications/Xcode5.app/Contents/Developer/Toolchains/XcodeDefault.xctoolchain/usr/include,
					/usr/include/libxml2,
				);
				INFOPLIST_FILE = "BennyDriving/BennyDriving-Info.plist";
				OTHER_LDFLAGS = "-lxml2";
				PRODUCT_NAME = "$(TARGET_NAME)";
				WRAPPER_EXTENSION = app;
			};
			name = Debug;
		};
		0408E5AA1810F4B600A8E7B4 /* Release */ = {
			isa = XCBuildConfiguration;
			buildSettings = {
				ASSETCATALOG_COMPILER_APPICON_NAME = AppIcon;
				ASSETCATALOG_COMPILER_LAUNCHIMAGE_NAME = LaunchImage;
				GCC_PRECOMPILE_PREFIX_HEADER = YES;
				GCC_PREFIX_HEADER = "BennyDriving/BennyDriving-Prefix.pch";
				HEADER_SEARCH_PATHS = (
					"$(inherited)",
					/Applications/Xcode5.app/Contents/Developer/Toolchains/XcodeDefault.xctoolchain/usr/include,
					/usr/include/libxml2,
				);
				INFOPLIST_FILE = "BennyDriving/BennyDriving-Info.plist";
				OTHER_LDFLAGS = "-lxml2";
				PRODUCT_NAME = "$(TARGET_NAME)";
				WRAPPER_EXTENSION = app;
			};
			name = Release;
		};
		9357ED48188E64A600C79684 /* Debug */ = {
			isa = XCBuildConfiguration;
			buildSettings = {
				ARCHS = "$(ARCHS_STANDARD_INCLUDING_64_BIT)";
				BUNDLE_LOADER = "$(BUILT_PRODUCTS_DIR)/BennyDriving.app/BennyDriving";
				FRAMEWORK_SEARCH_PATHS = (
					"$(SDKROOT)/Developer/Library/Frameworks",
					"$(inherited)",
					"$(DEVELOPER_FRAMEWORKS_DIR)",
				);
				GCC_PRECOMPILE_PREFIX_HEADER = YES;
				GCC_PREFIX_HEADER = "BennyDriving Tests/BennyDriving Tests-Prefix.pch";
				GCC_PREPROCESSOR_DEFINITIONS = (
					"DEBUG=1",
					"$(inherited)",
				);
				GCC_WARN_64_TO_32_BIT_CONVERSION = YES;
				INFOPLIST_FILE = "BennyDriving Tests/BennyDriving Tests-Info.plist";
				PRODUCT_NAME = "$(TARGET_NAME)";
				SDKROOT = iphoneos;
				TEST_HOST = "$(BUNDLE_LOADER)";
				WRAPPER_EXTENSION = xctest;
			};
			name = Debug;
		};
		9357ED49188E64A600C79684 /* Release */ = {
			isa = XCBuildConfiguration;
			buildSettings = {
				ARCHS = "$(ARCHS_STANDARD_INCLUDING_64_BIT)";
				BUNDLE_LOADER = "$(BUILT_PRODUCTS_DIR)/BennyDriving.app/BennyDriving";
				FRAMEWORK_SEARCH_PATHS = (
					"$(SDKROOT)/Developer/Library/Frameworks",
					"$(inherited)",
					"$(DEVELOPER_FRAMEWORKS_DIR)",
				);
				GCC_PRECOMPILE_PREFIX_HEADER = YES;
				GCC_PREFIX_HEADER = "BennyDriving Tests/BennyDriving Tests-Prefix.pch";
				GCC_WARN_64_TO_32_BIT_CONVERSION = YES;
				INFOPLIST_FILE = "BennyDriving Tests/BennyDriving Tests-Info.plist";
				PRODUCT_NAME = "$(TARGET_NAME)";
				SDKROOT = iphoneos;
				TEST_HOST = "$(BUNDLE_LOADER)";
				WRAPPER_EXTENSION = xctest;
			};
			name = Release;
		};
/* End XCBuildConfiguration section */

/* Begin XCConfigurationList section */
		0408E5711810F4B600A8E7B4 /* Build configuration list for PBXProject "BennyDriving" */ = {
			isa = XCConfigurationList;
			buildConfigurations = (
				0408E5A61810F4B600A8E7B4 /* Debug */,
				0408E5A71810F4B600A8E7B4 /* Release */,
			);
			defaultConfigurationIsVisible = 0;
			defaultConfigurationName = Release;
		};
		0408E5A81810F4B600A8E7B4 /* Build configuration list for PBXNativeTarget "BennyDriving" */ = {
			isa = XCConfigurationList;
			buildConfigurations = (
				0408E5A91810F4B600A8E7B4 /* Debug */,
				0408E5AA1810F4B600A8E7B4 /* Release */,
			);
			defaultConfigurationIsVisible = 0;
			defaultConfigurationName = Release;
		};
		9357ED47188E64A600C79684 /* Build configuration list for PBXNativeTarget "BennyDriving Tests" */ = {
			isa = XCConfigurationList;
			buildConfigurations = (
				9357ED48188E64A600C79684 /* Debug */,
				9357ED49188E64A600C79684 /* Release */,
			);
			defaultConfigurationIsVisible = 0;
			defaultConfigurationName = Release;
		};
/* End XCConfigurationList section */
	};
	rootObject = 0408E56E1810F4B600A8E7B4 /* Project object */;
}
