// !$*UTF8*$!
{
	archiveVersion = 1;
	classes = {
	};
	objectVersion = 46;
	objects = {

/* Begin PBXBuildFile section */
		040072621817BF7900F4D2E4 /* DriverAdditionInfoEntity.m in Sources */ = {isa = PBXBuildFile; fileRef = 040072611817BF7900F4D2E4 /* DriverAdditionInfoEntity.m */; };
		0403A66618178F7800C9A478 /* DriverConsumptionRecordInfoEntity.m in Sources */ = {isa = PBXBuildFile; fileRef = 0403A66518178F7800C9A478 /* DriverConsumptionRecordInfoEntity.m */; };
		0403A6691817A09900C9A478 /* DriverLocationInfoEntity.m in Sources */ = {isa = PBXBuildFile; fileRef = 0403A6681817A09900C9A478 /* DriverLocationInfoEntity.m */; };
		0403A66C1817AC7200C9A478 /* DriverOrderListPoolInfoEntity.m in Sources */ = {isa = PBXBuildFile; fileRef = 0403A66B1817AC7200C9A478 /* DriverOrderListPoolInfoEntity.m */; };
		0406E864181A163600621B8D /* DriverTopUpRecordInfoEntity.m in Sources */ = {isa = PBXBuildFile; fileRef = 0406E863181A163600621B8D /* DriverTopUpRecordInfoEntity.m */; };
		0406E867181A211C00621B8D /* DriverHistoryOrderListInfoEntity.m in Sources */ = {isa = PBXBuildFile; fileRef = 0406E866181A211C00621B8D /* DriverHistoryOrderListInfoEntity.m */; };
		04079700181F5E760039CBB0 /* DriverWithDrawMoneyRecordInfoEntity.m in Sources */ = {isa = PBXBuildFile; fileRef = 040796FF181F5E760039CBB0 /* DriverWithDrawMoneyRecordInfoEntity.m */; };
		0408E57A1810F4B600A8E7B4 /* Foundation.framework in Frameworks */ = {isa = PBXBuildFile; fileRef = 0408E5791810F4B600A8E7B4 /* Foundation.framework */; };
		0408E57C1810F4B600A8E7B4 /* CoreGraphics.framework in Frameworks */ = {isa = PBXBuildFile; fileRef = 0408E57B1810F4B600A8E7B4 /* CoreGraphics.framework */; };
		0408E57E1810F4B600A8E7B4 /* UIKit.framework in Frameworks */ = {isa = PBXBuildFile; fileRef = 0408E57D1810F4B600A8E7B4 /* UIKit.framework */; };
		0408E5841810F4B600A8E7B4 /* InfoPlist.strings in Resources */ = {isa = PBXBuildFile; fileRef = 0408E5821810F4B600A8E7B4 /* InfoPlist.strings */; };
		0408E5861810F4B600A8E7B4 /* main.m in Sources */ = {isa = PBXBuildFile; fileRef = 0408E5851810F4B600A8E7B4 /* main.m */; };
		0408E58A1810F4B600A8E7B4 /* AppDelegate.m in Sources */ = {isa = PBXBuildFile; fileRef = 0408E5891810F4B600A8E7B4 /* AppDelegate.m */; };
		0408E58D1810F4B600A8E7B4 /* Main.storyboard in Resources */ = {isa = PBXBuildFile; fileRef = 0408E58B1810F4B600A8E7B4 /* Main.storyboard */; };
		0408E5901810F4B600A8E7B4 /* ViewController.m in Sources */ = {isa = PBXBuildFile; fileRef = 0408E58F1810F4B600A8E7B4 /* ViewController.m */; };
		0408E5921810F4B600A8E7B4 /* Images.xcassets in Resources */ = {isa = PBXBuildFile; fileRef = 0408E5911810F4B600A8E7B4 /* Images.xcassets */; };
		0408E5991810F4B600A8E7B4 /* XCTest.framework in Frameworks */ = {isa = PBXBuildFile; fileRef = 0408E5981810F4B600A8E7B4 /* XCTest.framework */; };
		0408E59A1810F4B600A8E7B4 /* Foundation.framework in Frameworks */ = {isa = PBXBuildFile; fileRef = 0408E5791810F4B600A8E7B4 /* Foundation.framework */; };
		0408E59B1810F4B600A8E7B4 /* UIKit.framework in Frameworks */ = {isa = PBXBuildFile; fileRef = 0408E57D1810F4B600A8E7B4 /* UIKit.framework */; };
		0408E5A31810F4B600A8E7B4 /* InfoPlist.strings in Resources */ = {isa = PBXBuildFile; fileRef = 0408E5A11810F4B600A8E7B4 /* InfoPlist.strings */; };
		0408E5A51810F4B600A8E7B4 /* BennyDrivingTests.m in Sources */ = {isa = PBXBuildFile; fileRef = 0408E5A41810F4B600A8E7B4 /* BennyDrivingTests.m */; };
		0408E5C11810F57600A8E7B4 /* DriverInfoEntity.m in Sources */ = {isa = PBXBuildFile; fileRef = 0408E5BA1810F57600A8E7B4 /* DriverInfoEntity.m */; };
		0408E5C31810FEC700A8E7B4 /* 55stars.png in Resources */ = {isa = PBXBuildFile; fileRef = 0408E5C21810FEC700A8E7B4 /* 55stars.png */; };
		0408E5C61811299700A8E7B4 /* DriverLoginInfoEntity.m in Sources */ = {isa = PBXBuildFile; fileRef = 0408E5C51811299700A8E7B4 /* DriverLoginInfoEntity.m */; };
		040ACF991819006300E1A060 /* DriverAcceptOrderInfoEntity.m in Sources */ = {isa = PBXBuildFile; fileRef = 040ACF981819006300E1A060 /* DriverAcceptOrderInfoEntity.m */; };
		040ACF9C1819106300E1A060 /* DriverSuggestionInfoEntity.m in Sources */ = {isa = PBXBuildFile; fileRef = 040ACF9B1819106300E1A060 /* DriverSuggestionInfoEntity.m */; };
		040FD13D1820D34400710828 /* DriverProtocolSignInfoEntity.m in Sources */ = {isa = PBXBuildFile; fileRef = 040FD13C1820D34400710828 /* DriverProtocolSignInfoEntity.m */; };
		040FD1591821297900710828 /* Reachability.m in Sources */ = {isa = PBXBuildFile; fileRef = 040FD1521821297900710828 /* Reachability.m */; settings = {COMPILER_FLAGS = "-fno-objc-arc"; }; };
		040FD16618212A6100710828 /* ASIAuthenticationDialog.h in Sources */ = {isa = PBXBuildFile; fileRef = 040FD1401821297900710828 /* ASIAuthenticationDialog.h */; };
		040FD16718212A6100710828 /* ASIAuthenticationDialog.m in Sources */ = {isa = PBXBuildFile; fileRef = 040FD1411821297900710828 /* ASIAuthenticationDialog.m */; settings = {COMPILER_FLAGS = "-fno-objc-arc"; }; };
		040FD16818212A6100710828 /* ASICacheDelegate.h in Sources */ = {isa = PBXBuildFile; fileRef = 040FD1421821297900710828 /* ASICacheDelegate.h */; };
		040FD16918212A6100710828 /* ASIDownloadCache.h in Sources */ = {isa = PBXBuildFile; fileRef = 040FD1431821297900710828 /* ASIDownloadCache.h */; };
		040FD16A18212A6100710828 /* ASIDownloadCache.m in Sources */ = {isa = PBXBuildFile; fileRef = 040FD1441821297900710828 /* ASIDownloadCache.m */; settings = {COMPILER_FLAGS = "-fno-objc-arc"; }; };
		040FD16B18212A6100710828 /* ASIFormDataRequest.h in Sources */ = {isa = PBXBuildFile; fileRef = 040FD1451821297900710828 /* ASIFormDataRequest.h */; };
		040FD16C18212A6100710828 /* ASIFormDataRequest.m in Sources */ = {isa = PBXBuildFile; fileRef = 040FD1461821297900710828 /* ASIFormDataRequest.m */; settings = {COMPILER_FLAGS = "-fno-objc-arc"; }; };
		040FD16D18212A6100710828 /* ASIHttpHeaders.h in Sources */ = {isa = PBXBuildFile; fileRef = 040FD1471821297900710828 /* ASIHttpHeaders.h */; };
		040FD16E18212A6100710828 /* ASIHTTPRequest.h in Sources */ = {isa = PBXBuildFile; fileRef = 040FD1481821297900710828 /* ASIHTTPRequest.h */; };
		040FD16F18212A6100710828 /* ASIHTTPRequest.m in Sources */ = {isa = PBXBuildFile; fileRef = 040FD1491821297900710828 /* ASIHTTPRequest.m */; settings = {COMPILER_FLAGS = "-fno-objc-arc"; }; };
		040FD17018212A6100710828 /* ASIHTTPRequestConfig.h in Sources */ = {isa = PBXBuildFile; fileRef = 040FD14A1821297900710828 /* ASIHTTPRequestConfig.h */; };
		040FD17118212A6100710828 /* ASIHTTPRequestDelegate.h in Sources */ = {isa = PBXBuildFile; fileRef = 040FD14B1821297900710828 /* ASIHTTPRequestDelegate.h */; };
		040FD17218212A6100710828 /* ASIInputStream.h in Sources */ = {isa = PBXBuildFile; fileRef = 040FD14C1821297900710828 /* ASIInputStream.h */; };
		040FD17318212A6100710828 /* ASIInputStream.m in Sources */ = {isa = PBXBuildFile; fileRef = 040FD14D1821297900710828 /* ASIInputStream.m */; settings = {COMPILER_FLAGS = "-fno-objc-arc"; }; };
		040FD17418212A6100710828 /* ASINetworkQueue.h in Sources */ = {isa = PBXBuildFile; fileRef = 040FD14E1821297900710828 /* ASINetworkQueue.h */; };
		040FD17518212A6100710828 /* ASINetworkQueue.m in Sources */ = {isa = PBXBuildFile; fileRef = 040FD14F1821297900710828 /* ASINetworkQueue.m */; settings = {COMPILER_FLAGS = "-fno-objc-arc"; }; };
		040FD17618212A6100710828 /* ASIProgressDelegate.h in Sources */ = {isa = PBXBuildFile; fileRef = 040FD1501821297900710828 /* ASIProgressDelegate.h */; };
		040FD17718212A6100710828 /* Reachability.h in Sources */ = {isa = PBXBuildFile; fileRef = 040FD1511821297900710828 /* Reachability.h */; };
		040FD17918212E4300710828 /* CFNetwork.framework in Frameworks */ = {isa = PBXBuildFile; fileRef = 040FD17818212E4300710828 /* CFNetwork.framework */; };
		040FD17B182133B300710828 /* SystemConfiguration.framework in Frameworks */ = {isa = PBXBuildFile; fileRef = 040FD17A182133B300710828 /* SystemConfiguration.framework */; };
		040FD17D182133D700710828 /* MobileCoreServices.framework in Frameworks */ = {isa = PBXBuildFile; fileRef = 040FD17C182133D700710828 /* MobileCoreServices.framework */; };
		040FD17F1821342B00710828 /* libz.1.2.5.dylib in Frameworks */ = {isa = PBXBuildFile; fileRef = 040FD17E1821342B00710828 /* libz.1.2.5.dylib */; };
		041FCA2A181E100D0094BBA2 /* DriverCustomEvaluatedInfoEntity.m in Sources */ = {isa = PBXBuildFile; fileRef = 041FCA29181E100D0094BBA2 /* DriverCustomEvaluatedInfoEntity.m */; };
		04A7BE011822292D006D9126 /* UtilHttpRequestNetWork.m in Sources */ = {isa = PBXBuildFile; fileRef = 04A7BE001822292D006D9126 /* UtilHttpRequestNetWork.m */; };
/* End PBXBuildFile section */

/* Begin PBXContainerItemProxy section */
		0408E59C1810F4B600A8E7B4 /* PBXContainerItemProxy */ = {
			isa = PBXContainerItemProxy;
			containerPortal = 0408E56E1810F4B600A8E7B4 /* Project object */;
			proxyType = 1;
			remoteGlobalIDString = 0408E5751810F4B600A8E7B4;
			remoteInfo = BennyDriving;
		};
/* End PBXContainerItemProxy section */

/* Begin PBXFileReference section */
		040072601817BF7900F4D2E4 /* DriverAdditionInfoEntity.h */ = {isa = PBXFileReference; fileEncoding = 4; lastKnownFileType = sourcecode.c.h; path = DriverAdditionInfoEntity.h; sourceTree = "<group>"; };
		040072611817BF7900F4D2E4 /* DriverAdditionInfoEntity.m */ = {isa = PBXFileReference; fileEncoding = 4; lastKnownFileType = sourcecode.c.objc; path = DriverAdditionInfoEntity.m; sourceTree = "<group>"; };
		0403A66418178F7800C9A478 /* DriverConsumptionRecordInfoEntity.h */ = {isa = PBXFileReference; fileEncoding = 4; lastKnownFileType = sourcecode.c.h; path = DriverConsumptionRecordInfoEntity.h; sourceTree = "<group>"; };
		0403A66518178F7800C9A478 /* DriverConsumptionRecordInfoEntity.m */ = {isa = PBXFileReference; fileEncoding = 4; lastKnownFileType = sourcecode.c.objc; path = DriverConsumptionRecordInfoEntity.m; sourceTree = "<group>"; };
		0403A6671817A09900C9A478 /* DriverLocationInfoEntity.h */ = {isa = PBXFileReference; fileEncoding = 4; lastKnownFileType = sourcecode.c.h; path = DriverLocationInfoEntity.h; sourceTree = "<group>"; };
		0403A6681817A09900C9A478 /* DriverLocationInfoEntity.m */ = {isa = PBXFileReference; fileEncoding = 4; lastKnownFileType = sourcecode.c.objc; path = DriverLocationInfoEntity.m; sourceTree = "<group>"; };
		0403A66A1817AC7200C9A478 /* DriverOrderListPoolInfoEntity.h */ = {isa = PBXFileReference; fileEncoding = 4; lastKnownFileType = sourcecode.c.h; path = DriverOrderListPoolInfoEntity.h; sourceTree = "<group>"; };
		0403A66B1817AC7200C9A478 /* DriverOrderListPoolInfoEntity.m */ = {isa = PBXFileReference; fileEncoding = 4; lastKnownFileType = sourcecode.c.objc; path = DriverOrderListPoolInfoEntity.m; sourceTree = "<group>"; };
		0406E862181A163600621B8D /* DriverTopUpRecordInfoEntity.h */ = {isa = PBXFileReference; fileEncoding = 4; lastKnownFileType = sourcecode.c.h; path = DriverTopUpRecordInfoEntity.h; sourceTree = "<group>"; };
		0406E863181A163600621B8D /* DriverTopUpRecordInfoEntity.m */ = {isa = PBXFileReference; fileEncoding = 4; lastKnownFileType = sourcecode.c.objc; path = DriverTopUpRecordInfoEntity.m; sourceTree = "<group>"; };
		0406E865181A211C00621B8D /* DriverHistoryOrderListInfoEntity.h */ = {isa = PBXFileReference; fileEncoding = 4; lastKnownFileType = sourcecode.c.h; path = DriverHistoryOrderListInfoEntity.h; sourceTree = "<group>"; };
		0406E866181A211C00621B8D /* DriverHistoryOrderListInfoEntity.m */ = {isa = PBXFileReference; fileEncoding = 4; lastKnownFileType = sourcecode.c.objc; path = DriverHistoryOrderListInfoEntity.m; sourceTree = "<group>"; };
		040796FE181F5E760039CBB0 /* DriverWithDrawMoneyRecordInfoEntity.h */ = {isa = PBXFileReference; fileEncoding = 4; lastKnownFileType = sourcecode.c.h; path = DriverWithDrawMoneyRecordInfoEntity.h; sourceTree = "<group>"; };
		040796FF181F5E760039CBB0 /* DriverWithDrawMoneyRecordInfoEntity.m */ = {isa = PBXFileReference; fileEncoding = 4; lastKnownFileType = sourcecode.c.objc; path = DriverWithDrawMoneyRecordInfoEntity.m; sourceTree = "<group>"; };
		0408E5761810F4B600A8E7B4 /* BennyDriving.app */ = {isa = PBXFileReference; explicitFileType = wrapper.application; includeInIndex = 0; path = BennyDriving.app; sourceTree = BUILT_PRODUCTS_DIR; };
		0408E5791810F4B600A8E7B4 /* Foundation.framework */ = {isa = PBXFileReference; lastKnownFileType = wrapper.framework; name = Foundation.framework; path = System/Library/Frameworks/Foundation.framework; sourceTree = SDKROOT; };
		0408E57B1810F4B600A8E7B4 /* CoreGraphics.framework */ = {isa = PBXFileReference; lastKnownFileType = wrapper.framework; name = CoreGraphics.framework; path = System/Library/Frameworks/CoreGraphics.framework; sourceTree = SDKROOT; };
		0408E57D1810F4B600A8E7B4 /* UIKit.framework */ = {isa = PBXFileReference; lastKnownFileType = wrapper.framework; name = UIKit.framework; path = System/Library/Frameworks/UIKit.framework; sourceTree = SDKROOT; };
		0408E5811810F4B600A8E7B4 /* BennyDriving-Info.plist */ = {isa = PBXFileReference; lastKnownFileType = text.plist.xml; path = "BennyDriving-Info.plist"; sourceTree = "<group>"; };
		0408E5831810F4B600A8E7B4 /* en */ = {isa = PBXFileReference; lastKnownFileType = text.plist.strings; name = en; path = en.lproj/InfoPlist.strings; sourceTree = "<group>"; };
		0408E5851810F4B600A8E7B4 /* main.m */ = {isa = PBXFileReference; lastKnownFileType = sourcecode.c.objc; path = main.m; sourceTree = "<group>"; };
		0408E5871810F4B600A8E7B4 /* BennyDriving-Prefix.pch */ = {isa = PBXFileReference; lastKnownFileType = sourcecode.c.h; path = "BennyDriving-Prefix.pch"; sourceTree = "<group>"; };
		0408E5881810F4B600A8E7B4 /* AppDelegate.h */ = {isa = PBXFileReference; lastKnownFileType = sourcecode.c.h; path = AppDelegate.h; sourceTree = "<group>"; };
		0408E5891810F4B600A8E7B4 /* AppDelegate.m */ = {isa = PBXFileReference; lastKnownFileType = sourcecode.c.objc; path = AppDelegate.m; sourceTree = "<group>"; };
		0408E58C1810F4B600A8E7B4 /* Base */ = {isa = PBXFileReference; lastKnownFileType = file.storyboard; name = Base; path = Base.lproj/Main.storyboard; sourceTree = "<group>"; };
		0408E58E1810F4B600A8E7B4 /* ViewController.h */ = {isa = PBXFileReference; lastKnownFileType = sourcecode.c.h; path = ViewController.h; sourceTree = "<group>"; };
		0408E58F1810F4B600A8E7B4 /* ViewController.m */ = {isa = PBXFileReference; lastKnownFileType = sourcecode.c.objc; path = ViewController.m; sourceTree = "<group>"; };
		0408E5911810F4B600A8E7B4 /* Images.xcassets */ = {isa = PBXFileReference; lastKnownFileType = folder.assetcatalog; path = Images.xcassets; sourceTree = "<group>"; };
		0408E5971810F4B600A8E7B4 /* BennyDrivingTests.xctest */ = {isa = PBXFileReference; explicitFileType = wrapper.cfbundle; includeInIndex = 0; path = BennyDrivingTests.xctest; sourceTree = BUILT_PRODUCTS_DIR; };
		0408E5981810F4B600A8E7B4 /* XCTest.framework */ = {isa = PBXFileReference; lastKnownFileType = wrapper.framework; name = XCTest.framework; path = Library/Frameworks/XCTest.framework; sourceTree = DEVELOPER_DIR; };
		0408E5A01810F4B600A8E7B4 /* BennyDrivingTests-Info.plist */ = {isa = PBXFileReference; lastKnownFileType = text.plist.xml; path = "BennyDrivingTests-Info.plist"; sourceTree = "<group>"; };
		0408E5A21810F4B600A8E7B4 /* en */ = {isa = PBXFileReference; lastKnownFileType = text.plist.strings; name = en; path = en.lproj/InfoPlist.strings; sourceTree = "<group>"; };
		0408E5A41810F4B600A8E7B4 /* BennyDrivingTests.m */ = {isa = PBXFileReference; lastKnownFileType = sourcecode.c.objc; path = BennyDrivingTests.m; sourceTree = "<group>"; };
		0408E5B91810F57600A8E7B4 /* DriverInfoEntity.h */ = {isa = PBXFileReference; fileEncoding = 4; lastKnownFileType = sourcecode.c.h; path = DriverInfoEntity.h; sourceTree = "<group>"; };
		0408E5BA1810F57600A8E7B4 /* DriverInfoEntity.m */ = {isa = PBXFileReference; fileEncoding = 4; lastKnownFileType = sourcecode.c.objc; path = DriverInfoEntity.m; sourceTree = "<group>"; };
		0408E5C21810FEC700A8E7B4 /* 55stars.png */ = {isa = PBXFileReference; lastKnownFileType = image.png; path = 55stars.png; sourceTree = "<group>"; };
		0408E5C41811299700A8E7B4 /* DriverLoginInfoEntity.h */ = {isa = PBXFileReference; fileEncoding = 4; lastKnownFileType = sourcecode.c.h; path = DriverLoginInfoEntity.h; sourceTree = "<group>"; };
		0408E5C51811299700A8E7B4 /* DriverLoginInfoEntity.m */ = {isa = PBXFileReference; fileEncoding = 4; lastKnownFileType = sourcecode.c.objc; path = DriverLoginInfoEntity.m; sourceTree = "<group>"; };
		040ACF971819006300E1A060 /* DriverAcceptOrderInfoEntity.h */ = {isa = PBXFileReference; fileEncoding = 4; lastKnownFileType = sourcecode.c.h; path = DriverAcceptOrderInfoEntity.h; sourceTree = "<group>"; };
		040ACF981819006300E1A060 /* DriverAcceptOrderInfoEntity.m */ = {isa = PBXFileReference; fileEncoding = 4; lastKnownFileType = sourcecode.c.objc; path = DriverAcceptOrderInfoEntity.m; sourceTree = "<group>"; };
		040ACF9A1819106300E1A060 /* DriverSuggestionInfoEntity.h */ = {isa = PBXFileReference; fileEncoding = 4; lastKnownFileType = sourcecode.c.h; path = DriverSuggestionInfoEntity.h; sourceTree = "<group>"; };
		040ACF9B1819106300E1A060 /* DriverSuggestionInfoEntity.m */ = {isa = PBXFileReference; fileEncoding = 4; lastKnownFileType = sourcecode.c.objc; path = DriverSuggestionInfoEntity.m; sourceTree = "<group>"; };
		040FD13B1820D34400710828 /* DriverProtocolSignInfoEntity.h */ = {isa = PBXFileReference; fileEncoding = 4; lastKnownFileType = sourcecode.c.h; path = DriverProtocolSignInfoEntity.h; sourceTree = "<group>"; };
		040FD13C1820D34400710828 /* DriverProtocolSignInfoEntity.m */ = {isa = PBXFileReference; fileEncoding = 4; lastKnownFileType = sourcecode.c.objc; path = DriverProtocolSignInfoEntity.m; sourceTree = "<group>"; };
		040FD1401821297900710828 /* ASIAuthenticationDialog.h */ = {isa = PBXFileReference; fileEncoding = 4; lastKnownFileType = sourcecode.c.h; path = ASIAuthenticationDialog.h; sourceTree = "<group>"; };
		040FD1411821297900710828 /* ASIAuthenticationDialog.m */ = {isa = PBXFileReference; fileEncoding = 4; lastKnownFileType = sourcecode.c.objc; path = ASIAuthenticationDialog.m; sourceTree = "<group>"; };
		040FD1421821297900710828 /* ASICacheDelegate.h */ = {isa = PBXFileReference; fileEncoding = 4; lastKnownFileType = sourcecode.c.h; path = ASICacheDelegate.h; sourceTree = "<group>"; };
		040FD1431821297900710828 /* ASIDownloadCache.h */ = {isa = PBXFileReference; fileEncoding = 4; lastKnownFileType = sourcecode.c.h; path = ASIDownloadCache.h; sourceTree = "<group>"; };
		040FD1441821297900710828 /* ASIDownloadCache.m */ = {isa = PBXFileReference; fileEncoding = 4; lastKnownFileType = sourcecode.c.objc; path = ASIDownloadCache.m; sourceTree = "<group>"; };
		040FD1451821297900710828 /* ASIFormDataRequest.h */ = {isa = PBXFileReference; fileEncoding = 4; lastKnownFileType = sourcecode.c.h; path = ASIFormDataRequest.h; sourceTree = "<group>"; };
		040FD1461821297900710828 /* ASIFormDataRequest.m */ = {isa = PBXFileReference; fileEncoding = 4; lastKnownFileType = sourcecode.c.objc; path = ASIFormDataRequest.m; sourceTree = "<group>"; };
		040FD1471821297900710828 /* ASIHttpHeaders.h */ = {isa = PBXFileReference; fileEncoding = 4; lastKnownFileType = sourcecode.c.h; path = ASIHttpHeaders.h; sourceTree = "<group>"; };
		040FD1481821297900710828 /* ASIHTTPRequest.h */ = {isa = PBXFileReference; fileEncoding = 4; lastKnownFileType = sourcecode.c.h; path = ASIHTTPRequest.h; sourceTree = "<group>"; };
		040FD1491821297900710828 /* ASIHTTPRequest.m */ = {isa = PBXFileReference; fileEncoding = 4; lastKnownFileType = sourcecode.c.objc; path = ASIHTTPRequest.m; sourceTree = "<group>"; };
		040FD14A1821297900710828 /* ASIHTTPRequestConfig.h */ = {isa = PBXFileReference; fileEncoding = 4; lastKnownFileType = sourcecode.c.h; path = ASIHTTPRequestConfig.h; sourceTree = "<group>"; };
		040FD14B1821297900710828 /* ASIHTTPRequestDelegate.h */ = {isa = PBXFileReference; fileEncoding = 4; lastKnownFileType = sourcecode.c.h; path = ASIHTTPRequestDelegate.h; sourceTree = "<group>"; };
		040FD14C1821297900710828 /* ASIInputStream.h */ = {isa = PBXFileReference; fileEncoding = 4; lastKnownFileType = sourcecode.c.h; path = ASIInputStream.h; sourceTree = "<group>"; };
		040FD14D1821297900710828 /* ASIInputStream.m */ = {isa = PBXFileReference; fileEncoding = 4; lastKnownFileType = sourcecode.c.objc; path = ASIInputStream.m; sourceTree = "<group>"; };
		040FD14E1821297900710828 /* ASINetworkQueue.h */ = {isa = PBXFileReference; fileEncoding = 4; lastKnownFileType = sourcecode.c.h; path = ASINetworkQueue.h; sourceTree = "<group>"; };
		040FD14F1821297900710828 /* ASINetworkQueue.m */ = {isa = PBXFileReference; fileEncoding = 4; lastKnownFileType = sourcecode.c.objc; path = ASINetworkQueue.m; sourceTree = "<group>"; };
		040FD1501821297900710828 /* ASIProgressDelegate.h */ = {isa = PBXFileReference; fileEncoding = 4; lastKnownFileType = sourcecode.c.h; path = ASIProgressDelegate.h; sourceTree = "<group>"; };
		040FD1511821297900710828 /* Reachability.h */ = {isa = PBXFileReference; fileEncoding = 4; lastKnownFileType = sourcecode.c.h; path = Reachability.h; sourceTree = "<group>"; };
		040FD1521821297900710828 /* Reachability.m */ = {isa = PBXFileReference; fileEncoding = 4; lastKnownFileType = sourcecode.c.objc; path = Reachability.m; sourceTree = "<group>"; };
		040FD17818212E4300710828 /* CFNetwork.framework */ = {isa = PBXFileReference; lastKnownFileType = wrapper.framework; name = CFNetwork.framework; path = System/Library/Frameworks/CFNetwork.framework; sourceTree = SDKROOT; };
		040FD17A182133B300710828 /* SystemConfiguration.framework */ = {isa = PBXFileReference; lastKnownFileType = wrapper.framework; name = SystemConfiguration.framework; path = System/Library/Frameworks/SystemConfiguration.framework; sourceTree = SDKROOT; };
		040FD17C182133D700710828 /* MobileCoreServices.framework */ = {isa = PBXFileReference; lastKnownFileType = wrapper.framework; name = MobileCoreServices.framework; path = System/Library/Frameworks/MobileCoreServices.framework; sourceTree = SDKROOT; };
		040FD17E1821342B00710828 /* libz.1.2.5.dylib */ = {isa = PBXFileReference; lastKnownFileType = "compiled.mach-o.dylib"; name = libz.1.2.5.dylib; path = usr/lib/libz.1.2.5.dylib; sourceTree = SDKROOT; };
		041FCA28181E100D0094BBA2 /* DriverCustomEvaluatedInfoEntity.h */ = {isa = PBXFileReference; fileEncoding = 4; lastKnownFileType = sourcecode.c.h; path = DriverCustomEvaluatedInfoEntity.h; sourceTree = "<group>"; };
		041FCA29181E100D0094BBA2 /* DriverCustomEvaluatedInfoEntity.m */ = {isa = PBXFileReference; fileEncoding = 4; lastKnownFileType = sourcecode.c.objc; path = DriverCustomEvaluatedInfoEntity.m; sourceTree = "<group>"; };
		04A7BDFF1822292D006D9126 /* UtilHttpRequestNetWork.h */ = {isa = PBXFileReference; fileEncoding = 4; lastKnownFileType = sourcecode.c.h; path = UtilHttpRequestNetWork.h; sourceTree = "<group>"; };
		04A7BE001822292D006D9126 /* UtilHttpRequestNetWork.m */ = {isa = PBXFileReference; fileEncoding = 4; lastKnownFileType = sourcecode.c.objc; path = UtilHttpRequestNetWork.m; sourceTree = "<group>"; };
/* End PBXFileReference section */

/* Begin PBXFrameworksBuildPhase section */
		0408E5731810F4B600A8E7B4 /* Frameworks */ = {
			isa = PBXFrameworksBuildPhase;
			buildActionMask = 2147483647;
			files = (
				040FD17F1821342B00710828 /* libz.1.2.5.dylib in Frameworks */,
				0408E57C1810F4B600A8E7B4 /* CoreGraphics.framework in Frameworks */,
				040FD17D182133D700710828 /* MobileCoreServices.framework in Frameworks */,
				040FD17B182133B300710828 /* SystemConfiguration.framework in Frameworks */,
				040FD17918212E4300710828 /* CFNetwork.framework in Frameworks */,
				0408E57E1810F4B600A8E7B4 /* UIKit.framework in Frameworks */,
				0408E57A1810F4B600A8E7B4 /* Foundation.framework in Frameworks */,
			);
			runOnlyForDeploymentPostprocessing = 0;
		};
		0408E5941810F4B600A8E7B4 /* Frameworks */ = {
			isa = PBXFrameworksBuildPhase;
			buildActionMask = 2147483647;
			files = (
				0408E5991810F4B600A8E7B4 /* XCTest.framework in Frameworks */,
				0408E59B1810F4B600A8E7B4 /* UIKit.framework in Frameworks */,
				0408E59A1810F4B600A8E7B4 /* Foundation.framework in Frameworks */,
			);
			runOnlyForDeploymentPostprocessing = 0;
		};
/* End PBXFrameworksBuildPhase section */

/* Begin PBXGroup section */
		0408E56D1810F4B600A8E7B4 = {
			isa = PBXGroup;
			children = (
				0408E57F1810F4B600A8E7B4 /* BennyDriving */,
				0408E59E1810F4B600A8E7B4 /* BennyDrivingTests */,
				0408E5781810F4B600A8E7B4 /* Frameworks */,
				0408E5771810F4B600A8E7B4 /* Products */,
			);
			sourceTree = "<group>";
		};
		0408E5771810F4B600A8E7B4 /* Products */ = {
			isa = PBXGroup;
			children = (
				0408E5761810F4B600A8E7B4 /* BennyDriving.app */,
				0408E5971810F4B600A8E7B4 /* BennyDrivingTests.xctest */,
			);
			name = Products;
			sourceTree = "<group>";
		};
		0408E5781810F4B600A8E7B4 /* Frameworks */ = {
			isa = PBXGroup;
			children = (
				040FD17E1821342B00710828 /* libz.1.2.5.dylib */,
				040FD17C182133D700710828 /* MobileCoreServices.framework */,
				040FD17A182133B300710828 /* SystemConfiguration.framework */,
				040FD17818212E4300710828 /* CFNetwork.framework */,
				0408E5791810F4B600A8E7B4 /* Foundation.framework */,
				0408E57B1810F4B600A8E7B4 /* CoreGraphics.framework */,
				0408E57D1810F4B600A8E7B4 /* UIKit.framework */,
				0408E5981810F4B600A8E7B4 /* XCTest.framework */,
			);
			name = Frameworks;
			sourceTree = "<group>";
		};
		0408E57F1810F4B600A8E7B4 /* BennyDriving */ = {
			isa = PBXGroup;
			children = (
				0408E5AE1810F57600A8E7B4 /* ResourceFiles */,
				0408E5B21810F57600A8E7B4 /* SourceCode */,
				0408E5881810F4B600A8E7B4 /* AppDelegate.h */,
				0408E5891810F4B600A8E7B4 /* AppDelegate.m */,
				0408E58B1810F4B600A8E7B4 /* Main.storyboard */,
				0408E58E1810F4B600A8E7B4 /* ViewController.h */,
				0408E58F1810F4B600A8E7B4 /* ViewController.m */,
				0408E5911810F4B600A8E7B4 /* Images.xcassets */,
				0408E5801810F4B600A8E7B4 /* Supporting Files */,
			);
			path = BennyDriving;
			sourceTree = "<group>";
		};
		0408E5801810F4B600A8E7B4 /* Supporting Files */ = {
			isa = PBXGroup;
			children = (
				0408E5811810F4B600A8E7B4 /* BennyDriving-Info.plist */,
				0408E5821810F4B600A8E7B4 /* InfoPlist.strings */,
				0408E5851810F4B600A8E7B4 /* main.m */,
				0408E5871810F4B600A8E7B4 /* BennyDriving-Prefix.pch */,
			);
			name = "Supporting Files";
			sourceTree = "<group>";
		};
		0408E59E1810F4B600A8E7B4 /* BennyDrivingTests */ = {
			isa = PBXGroup;
			children = (
				0408E5A41810F4B600A8E7B4 /* BennyDrivingTests.m */,
				0408E59F1810F4B600A8E7B4 /* Supporting Files */,
			);
			path = BennyDrivingTests;
			sourceTree = "<group>";
		};
		0408E59F1810F4B600A8E7B4 /* Supporting Files */ = {
			isa = PBXGroup;
			children = (
				0408E5A01810F4B600A8E7B4 /* BennyDrivingTests-Info.plist */,
				0408E5A11810F4B600A8E7B4 /* InfoPlist.strings */,
			);
			name = "Supporting Files";
			sourceTree = "<group>";
		};
		0408E5AE1810F57600A8E7B4 /* ResourceFiles */ = {
			isa = PBXGroup;
			children = (
				0408E5AF1810F57600A8E7B4 /* Audios */,
				0408E5B01810F57600A8E7B4 /* Images */,
				0408E5B11810F57600A8E7B4 /* Videos */,
			);
			path = ResourceFiles;
			sourceTree = "<group>";
		};
		0408E5AF1810F57600A8E7B4 /* Audios */ = {
			isa = PBXGroup;
			children = (
			);
			path = Audios;
			sourceTree = "<group>";
		};
		0408E5B01810F57600A8E7B4 /* Images */ = {
			isa = PBXGroup;
			children = (
				0408E5C21810FEC700A8E7B4 /* 55stars.png */,
			);
			path = Images;
			sourceTree = "<group>";
		};
		0408E5B11810F57600A8E7B4 /* Videos */ = {
			isa = PBXGroup;
			children = (
			);
			path = Videos;
			sourceTree = "<group>";
		};
		0408E5B21810F57600A8E7B4 /* SourceCode */ = {
			isa = PBXGroup;
			children = (
				0408E5B31810F57600A8E7B4 /* AdditionFramWork */,
				0408E5B61810F57600A8E7B4 /* CoreCode */,
			);
			path = SourceCode;
			sourceTree = "<group>";
		};
		0408E5B31810F57600A8E7B4 /* AdditionFramWork */ = {
			isa = PBXGroup;
			children = (
				040FD13E1820E41E00710828 /* com.benny.add.network */,
				0408E5B41810F57600A8E7B4 /* com.benny.add.gps */,
				0408E5B51810F57600A8E7B4 /* com.benny.add.map */,
			);
			path = AdditionFramWork;
			sourceTree = "<group>";
		};
		0408E5B41810F57600A8E7B4 /* com.benny.add.gps */ = {
			isa = PBXGroup;
			children = (
			);
			path = com.benny.add.gps;
			sourceTree = "<group>";
		};
		0408E5B51810F57600A8E7B4 /* com.benny.add.map */ = {
			isa = PBXGroup;
			children = (
			);
			path = com.benny.add.map;
			sourceTree = "<group>";
		};
		0408E5B61810F57600A8E7B4 /* CoreCode */ = {
			isa = PBXGroup;
			children = (
				04A7BE02182237D7006D9126 /* com.benny.configruation */,
				04A7BDFE182228B0006D9126 /* com.benny.network */,
				0409DA3D18165C10008C1F66 /* com.benny.entity.pub */,
				0408E5B71810F57600A8E7B4 /* com.benny.control */,
				0408E5B81810F57600A8E7B4 /* com.benny.entity */,
				0408E5BB1810F57600A8E7B4 /* com.benny.gps */,
				0408E5BC1810F57600A8E7B4 /* com.benny.map */,
				0408E5BD1810F57600A8E7B4 /* com.benny.model */,
				0408E5BE1810F57600A8E7B4 /* com.benny.server */,
				0408E5BF1810F57600A8E7B4 /* com.benny.thread */,
				0408E5C01810F57600A8E7B4 /* com.benny.ui */,
			);
			path = CoreCode;
			sourceTree = "<group>";
		};
		0408E5B71810F57600A8E7B4 /* com.benny.control */ = {
			isa = PBXGroup;
			children = (
			);
			path = com.benny.control;
			sourceTree = "<group>";
		};
		0408E5B81810F57600A8E7B4 /* com.benny.entity */ = {
			isa = PBXGroup;
			children = (
				0408E5B91810F57600A8E7B4 /* DriverInfoEntity.h */,
				0408E5BA1810F57600A8E7B4 /* DriverInfoEntity.m */,
				0408E5C41811299700A8E7B4 /* DriverLoginInfoEntity.h */,
				0408E5C51811299700A8E7B4 /* DriverLoginInfoEntity.m */,
				040FD13B1820D34400710828 /* DriverProtocolSignInfoEntity.h */,
				040FD13C1820D34400710828 /* DriverProtocolSignInfoEntity.m */,
				0403A66418178F7800C9A478 /* DriverConsumptionRecordInfoEntity.h */,
				0403A66518178F7800C9A478 /* DriverConsumptionRecordInfoEntity.m */,
				0403A6671817A09900C9A478 /* DriverLocationInfoEntity.h */,
				0403A6681817A09900C9A478 /* DriverLocationInfoEntity.m */,
				0403A66A1817AC7200C9A478 /* DriverOrderListPoolInfoEntity.h */,
				0403A66B1817AC7200C9A478 /* DriverOrderListPoolInfoEntity.m */,
				040072601817BF7900F4D2E4 /* DriverAdditionInfoEntity.h */,
				040072611817BF7900F4D2E4 /* DriverAdditionInfoEntity.m */,
				040ACF971819006300E1A060 /* DriverAcceptOrderInfoEntity.h */,
				040ACF981819006300E1A060 /* DriverAcceptOrderInfoEntity.m */,
				040ACF9A1819106300E1A060 /* DriverSuggestionInfoEntity.h */,
				040ACF9B1819106300E1A060 /* DriverSuggestionInfoEntity.m */,
				0406E862181A163600621B8D /* DriverTopUpRecordInfoEntity.h */,
				0406E863181A163600621B8D /* DriverTopUpRecordInfoEntity.m */,
				0406E865181A211C00621B8D /* DriverHistoryOrderListInfoEntity.h */,
				0406E866181A211C00621B8D /* DriverHistoryOrderListInfoEntity.m */,
				041FCA28181E100D0094BBA2 /* DriverCustomEvaluatedInfoEntity.h */,
				041FCA29181E100D0094BBA2 /* DriverCustomEvaluatedInfoEntity.m */,
				040796FE181F5E760039CBB0 /* DriverWithDrawMoneyRecordInfoEntity.h */,
				040796FF181F5E760039CBB0 /* DriverWithDrawMoneyRecordInfoEntity.m */,
			);
			path = com.benny.entity;
			sourceTree = "<group>";
		};
		0408E5BB1810F57600A8E7B4 /* com.benny.gps */ = {
			isa = PBXGroup;
			children = (
			);
			path = com.benny.gps;
			sourceTree = "<group>";
		};
		0408E5BC1810F57600A8E7B4 /* com.benny.map */ = {
			isa = PBXGroup;
			children = (
			);
			path = com.benny.map;
			sourceTree = "<group>";
		};
		0408E5BD1810F57600A8E7B4 /* com.benny.model */ = {
			isa = PBXGroup;
			children = (
			);
			path = com.benny.model;
			sourceTree = "<group>";
		};
		0408E5BE1810F57600A8E7B4 /* com.benny.server */ = {
			isa = PBXGroup;
			children = (
			);
			path = com.benny.server;
			sourceTree = "<group>";
		};
		0408E5BF1810F57600A8E7B4 /* com.benny.thread */ = {
			isa = PBXGroup;
			children = (
			);
			path = com.benny.thread;
			sourceTree = "<group>";
		};
		0408E5C01810F57600A8E7B4 /* com.benny.ui */ = {
			isa = PBXGroup;
			children = (
			);
			path = com.benny.ui;
			sourceTree = "<group>";
		};
		0409DA3D18165C10008C1F66 /* com.benny.entity.pub */ = {
			isa = PBXGroup;
			children = (
			);
			path = com.benny.entity.pub;
			sourceTree = "<group>";
		};
		040FD13E1820E41E00710828 /* com.benny.add.network */ = {
			isa = PBXGroup;
			children = (
				040FD13F1821297900710828 /* ASIHttpRequest */,
			);
			path = com.benny.add.network;
			sourceTree = "<group>";
		};
		040FD13F1821297900710828 /* ASIHttpRequest */ = {
			isa = PBXGroup;
			children = (
				040FD1401821297900710828 /* ASIAuthenticationDialog.h */,
				040FD1411821297900710828 /* ASIAuthenticationDialog.m */,
				040FD1421821297900710828 /* ASICacheDelegate.h */,
				040FD1431821297900710828 /* ASIDownloadCache.h */,
				040FD1441821297900710828 /* ASIDownloadCache.m */,
				040FD1451821297900710828 /* ASIFormDataRequest.h */,
				040FD1461821297900710828 /* ASIFormDataRequest.m */,
				040FD1471821297900710828 /* ASIHttpHeaders.h */,
				040FD1481821297900710828 /* ASIHTTPRequest.h */,
				040FD1491821297900710828 /* ASIHTTPRequest.m */,
				040FD14A1821297900710828 /* ASIHTTPRequestConfig.h */,
				040FD14B1821297900710828 /* ASIHTTPRequestDelegate.h */,
				040FD14C1821297900710828 /* ASIInputStream.h */,
				040FD14D1821297900710828 /* ASIInputStream.m */,
				040FD14E1821297900710828 /* ASINetworkQueue.h */,
				040FD14F1821297900710828 /* ASINetworkQueue.m */,
				040FD1501821297900710828 /* ASIProgressDelegate.h */,
				040FD1511821297900710828 /* Reachability.h */,
				040FD1521821297900710828 /* Reachability.m */,
			);
			path = ASIHttpRequest;
			sourceTree = "<group>";
		};
		04A7BDFE182228B0006D9126 /* com.benny.network */ = {
			isa = PBXGroup;
			children = (
				04A7BDFF1822292D006D9126 /* UtilHttpRequestNetWork.h */,
				04A7BE001822292D006D9126 /* UtilHttpRequestNetWork.m */,
			);
			path = com.benny.network;
			sourceTree = "<group>";
		};
		04A7BE02182237D7006D9126 /* com.benny.configruation */ = {
			isa = PBXGroup;
			children = (
			);
			path = com.benny.configruation;
			sourceTree = "<group>";
		};
/* End PBXGroup section */

/* Begin PBXNativeTarget section */
		0408E5751810F4B600A8E7B4 /* BennyDriving */ = {
			isa = PBXNativeTarget;
			buildConfigurationList = 0408E5A81810F4B600A8E7B4 /* Build configuration list for PBXNativeTarget "BennyDriving" */;
			buildPhases = (
				0408E5721810F4B600A8E7B4 /* Sources */,
				0408E5731810F4B600A8E7B4 /* Frameworks */,
				0408E5741810F4B600A8E7B4 /* Resources */,
			);
			buildRules = (
			);
			dependencies = (
			);
			name = BennyDriving;
			productName = BennyDriving;
			productReference = 0408E5761810F4B600A8E7B4 /* BennyDriving.app */;
			productType = "com.apple.product-type.application";
		};
		0408E5961810F4B600A8E7B4 /* BennyDrivingTests */ = {
			isa = PBXNativeTarget;
			buildConfigurationList = 0408E5AB1810F4B600A8E7B4 /* Build configuration list for PBXNativeTarget "BennyDrivingTests" */;
			buildPhases = (
				0408E5931810F4B600A8E7B4 /* Sources */,
				0408E5941810F4B600A8E7B4 /* Frameworks */,
				0408E5951810F4B600A8E7B4 /* Resources */,
			);
			buildRules = (
			);
			dependencies = (
				0408E59D1810F4B600A8E7B4 /* PBXTargetDependency */,
			);
			name = BennyDrivingTests;
			productName = BennyDrivingTests;
			productReference = 0408E5971810F4B600A8E7B4 /* BennyDrivingTests.xctest */;
			productType = "com.apple.product-type.bundle.unit-test";
		};
/* End PBXNativeTarget section */

/* Begin PBXProject section */
		0408E56E1810F4B600A8E7B4 /* Project object */ = {
			isa = PBXProject;
			attributes = {
				LastUpgradeCheck = 0500;
				ORGANIZATIONNAME = Alger;
				TargetAttributes = {
					0408E5961810F4B600A8E7B4 = {
						TestTargetID = 0408E5751810F4B600A8E7B4;
					};
				};
			};
			buildConfigurationList = 0408E5711810F4B600A8E7B4 /* Build configuration list for PBXProject "BennyDriving" */;
			compatibilityVersion = "Xcode 3.2";
			developmentRegion = English;
			hasScannedForEncodings = 0;
			knownRegions = (
				en,
				Base,
			);
			mainGroup = 0408E56D1810F4B600A8E7B4;
			productRefGroup = 0408E5771810F4B600A8E7B4 /* Products */;
			projectDirPath = "";
			projectRoot = "";
			targets = (
				0408E5751810F4B600A8E7B4 /* BennyDriving */,
				0408E5961810F4B600A8E7B4 /* BennyDrivingTests */,
			);
		};
/* End PBXProject section */

/* Begin PBXResourcesBuildPhase section */
		0408E5741810F4B600A8E7B4 /* Resources */ = {
			isa = PBXResourcesBuildPhase;
			buildActionMask = 2147483647;
			files = (
				0408E5921810F4B600A8E7B4 /* Images.xcassets in Resources */,
				0408E5C31810FEC700A8E7B4 /* 55stars.png in Resources */,
				0408E5841810F4B600A8E7B4 /* InfoPlist.strings in Resources */,
				0408E58D1810F4B600A8E7B4 /* Main.storyboard in Resources */,
			);
			runOnlyForDeploymentPostprocessing = 0;
		};
		0408E5951810F4B600A8E7B4 /* Resources */ = {
			isa = PBXResourcesBuildPhase;
			buildActionMask = 2147483647;
			files = (
				0408E5A31810F4B600A8E7B4 /* InfoPlist.strings in Resources */,
			);
			runOnlyForDeploymentPostprocessing = 0;
		};
/* End PBXResourcesBuildPhase section */

/* Begin PBXSourcesBuildPhase section */
		0408E5721810F4B600A8E7B4 /* Sources */ = {
			isa = PBXSourcesBuildPhase;
			buildActionMask = 2147483647;
			files = (
				040FD16618212A6100710828 /* ASIAuthenticationDialog.h in Sources */,
				040FD16718212A6100710828 /* ASIAuthenticationDialog.m in Sources */,
				040FD16818212A6100710828 /* ASICacheDelegate.h in Sources */,
				040FD16918212A6100710828 /* ASIDownloadCache.h in Sources */,
				040FD16A18212A6100710828 /* ASIDownloadCache.m in Sources */,
				040FD16B18212A6100710828 /* ASIFormDataRequest.h in Sources */,
				040FD16C18212A6100710828 /* ASIFormDataRequest.m in Sources */,
				040FD16D18212A6100710828 /* ASIHttpHeaders.h in Sources */,
				040FD16E18212A6100710828 /* ASIHTTPRequest.h in Sources */,
				040FD16F18212A6100710828 /* ASIHTTPRequest.m in Sources */,
				040FD17018212A6100710828 /* ASIHTTPRequestConfig.h in Sources */,
				040FD17118212A6100710828 /* ASIHTTPRequestDelegate.h in Sources */,
				040FD17218212A6100710828 /* ASIInputStream.h in Sources */,
				040FD17318212A6100710828 /* ASIInputStream.m in Sources */,
				040FD17418212A6100710828 /* ASINetworkQueue.h in Sources */,
				040FD17518212A6100710828 /* ASINetworkQueue.m in Sources */,
				04A7BE011822292D006D9126 /* UtilHttpRequestNetWork.m in Sources */,
				040FD17618212A6100710828 /* ASIProgressDelegate.h in Sources */,
				040FD17718212A6100710828 /* Reachability.h in Sources */,
				040FD1591821297900710828 /* Reachability.m in Sources */,
				040072621817BF7900F4D2E4 /* DriverAdditionInfoEntity.m in Sources */,
				040FD13D1820D34400710828 /* DriverProtocolSignInfoEntity.m in Sources */,
				0408E5901810F4B600A8E7B4 /* ViewController.m in Sources */,
				0406E864181A163600621B8D /* DriverTopUpRecordInfoEntity.m in Sources */,
				0408E5C61811299700A8E7B4 /* DriverLoginInfoEntity.m in Sources */,
				04079700181F5E760039CBB0 /* DriverWithDrawMoneyRecordInfoEntity.m in Sources */,
				041FCA2A181E100D0094BBA2 /* DriverCustomEvaluatedInfoEntity.m in Sources */,
				0408E58A1810F4B600A8E7B4 /* AppDelegate.m in Sources */,
				0403A6691817A09900C9A478 /* DriverLocationInfoEntity.m in Sources */,
				0408E5C11810F57600A8E7B4 /* DriverInfoEntity.m in Sources */,
				0408E5861810F4B600A8E7B4 /* main.m in Sources */,
				0403A66C1817AC7200C9A478 /* DriverOrderListPoolInfoEntity.m in Sources */,
				0406E867181A211C00621B8D /* DriverHistoryOrderListInfoEntity.m in Sources */,
				040ACF991819006300E1A060 /* DriverAcceptOrderInfoEntity.m in Sources */,
				040ACF9C1819106300E1A060 /* DriverSuggestionInfoEntity.m in Sources */,
				0403A66618178F7800C9A478 /* DriverConsumptionRecordInfoEntity.m in Sources */,
			);
			runOnlyForDeploymentPostprocessing = 0;
		};
		0408E5931810F4B600A8E7B4 /* Sources */ = {
			isa = PBXSourcesBuildPhase;
			buildActionMask = 2147483647;
			files = (
				0408E5A51810F4B600A8E7B4 /* BennyDrivingTests.m in Sources */,
			);
			runOnlyForDeploymentPostprocessing = 0;
		};
/* End PBXSourcesBuildPhase section */

/* Begin PBXTargetDependency section */
		0408E59D1810F4B600A8E7B4 /* PBXTargetDependency */ = {
			isa = PBXTargetDependency;
			target = 0408E5751810F4B600A8E7B4 /* BennyDriving */;
			targetProxy = 0408E59C1810F4B600A8E7B4 /* PBXContainerItemProxy */;
		};
/* End PBXTargetDependency section */

/* Begin PBXVariantGroup section */
		0408E5821810F4B600A8E7B4 /* InfoPlist.strings */ = {
			isa = PBXVariantGroup;
			children = (
				0408E5831810F4B600A8E7B4 /* en */,
			);
			name = InfoPlist.strings;
			sourceTree = "<group>";
		};
		0408E58B1810F4B600A8E7B4 /* Main.storyboard */ = {
			isa = PBXVariantGroup;
			children = (
				0408E58C1810F4B600A8E7B4 /* Base */,
			);
			name = Main.storyboard;
			sourceTree = "<group>";
		};
		0408E5A11810F4B600A8E7B4 /* InfoPlist.strings */ = {
			isa = PBXVariantGroup;
			children = (
				0408E5A21810F4B600A8E7B4 /* en */,
			);
			name = InfoPlist.strings;
			sourceTree = "<group>";
		};
/* End PBXVariantGroup section */

/* Begin XCBuildConfiguration section */
		0408E5A61810F4B600A8E7B4 /* Debug */ = {
			isa = XCBuildConfiguration;
			buildSettings = {
				ALWAYS_SEARCH_USER_PATHS = NO;
				CLANG_CXX_LANGUAGE_STANDARD = "gnu++0x";
				CLANG_CXX_LIBRARY = "libc++";
				CLANG_ENABLE_MODULES = YES;
				CLANG_ENABLE_OBJC_ARC = YES;
				CLANG_WARN_BOOL_CONVERSION = YES;
				CLANG_WARN_CONSTANT_CONVERSION = YES;
				CLANG_WARN_DIRECT_OBJC_ISA_USAGE = YES_ERROR;
				CLANG_WARN_EMPTY_BODY = YES;
				CLANG_WARN_ENUM_CONVERSION = YES;
				CLANG_WARN_INT_CONVERSION = YES;
				CLANG_WARN_OBJC_ROOT_CLASS = YES_ERROR;
				CLANG_WARN__DUPLICATE_METHOD_MATCH = YES;
				"CODE_SIGN_IDENTITY[sdk=iphoneos*]" = "iPhone Developer";
				COPY_PHASE_STRIP = NO;
				GCC_C_LANGUAGE_STANDARD = gnu99;
				GCC_DYNAMIC_NO_PIC = NO;
				GCC_OPTIMIZATION_LEVEL = 0;
				GCC_PREPROCESSOR_DEFINITIONS = (
					"DEBUG=1",
					"$(inherited)",
				);
				GCC_SYMBOLS_PRIVATE_EXTERN = NO;
				GCC_WARN_ABOUT_RETURN_TYPE = YES_ERROR;
				GCC_WARN_UNDECLARED_SELECTOR = YES;
				GCC_WARN_UNINITIALIZED_AUTOS = YES;
				GCC_WARN_UNUSED_FUNCTION = YES;
				GCC_WARN_UNUSED_VARIABLE = YES;
				IPHONEOS_DEPLOYMENT_TARGET = 7.0;
				ONLY_ACTIVE_ARCH = YES;
				SDKROOT = iphoneos;
			};
			name = Debug;
		};
		0408E5A71810F4B600A8E7B4 /* Release */ = {
			isa = XCBuildConfiguration;
			buildSettings = {
				ALWAYS_SEARCH_USER_PATHS = NO;
				CLANG_CXX_LANGUAGE_STANDARD = "gnu++0x";
				CLANG_CXX_LIBRARY = "libc++";
				CLANG_ENABLE_MODULES = YES;
				CLANG_ENABLE_OBJC_ARC = YES;
				CLANG_WARN_BOOL_CONVERSION = YES;
				CLANG_WARN_CONSTANT_CONVERSION = YES;
				CLANG_WARN_DIRECT_OBJC_ISA_USAGE = YES_ERROR;
				CLANG_WARN_EMPTY_BODY = YES;
				CLANG_WARN_ENUM_CONVERSION = YES;
				CLANG_WARN_INT_CONVERSION = YES;
				CLANG_WARN_OBJC_ROOT_CLASS = YES_ERROR;
				CLANG_WARN__DUPLICATE_METHOD_MATCH = YES;
				"CODE_SIGN_IDENTITY[sdk=iphoneos*]" = "iPhone Developer";
				COPY_PHASE_STRIP = YES;
				ENABLE_NS_ASSERTIONS = NO;
				GCC_C_LANGUAGE_STANDARD = gnu99;
				GCC_WARN_ABOUT_RETURN_TYPE = YES_ERROR;
				GCC_WARN_UNDECLARED_SELECTOR = YES;
				GCC_WARN_UNINITIALIZED_AUTOS = YES;
				GCC_WARN_UNUSED_FUNCTION = YES;
				GCC_WARN_UNUSED_VARIABLE = YES;
				IPHONEOS_DEPLOYMENT_TARGET = 7.0;
				SDKROOT = iphoneos;
				VALIDATE_PRODUCT = YES;
			};
			name = Release;
		};
		0408E5A91810F4B600A8E7B4 /* Debug */ = {
			isa = XCBuildConfiguration;
			buildSettings = {
				ASSETCATALOG_COMPILER_APPICON_NAME = AppIcon;
				ASSETCATALOG_COMPILER_LAUNCHIMAGE_NAME = LaunchImage;
				GCC_PRECOMPILE_PREFIX_HEADER = YES;
				GCC_PREFIX_HEADER = "BennyDriving/BennyDriving-Prefix.pch";
				INFOPLIST_FILE = "BennyDriving/BennyDriving-Info.plist";
				PRODUCT_NAME = "$(TARGET_NAME)";
				WRAPPER_EXTENSION = app;
			};
			name = Debug;
		};
		0408E5AA1810F4B600A8E7B4 /* Release */ = {
			isa = XCBuildConfiguration;
			buildSettings = {
				ASSETCATALOG_COMPILER_APPICON_NAME = AppIcon;
				ASSETCATALOG_COMPILER_LAUNCHIMAGE_NAME = LaunchImage;
				GCC_PRECOMPILE_PREFIX_HEADER = YES;
				GCC_PREFIX_HEADER = "BennyDriving/BennyDriving-Prefix.pch";
				INFOPLIST_FILE = "BennyDriving/BennyDriving-Info.plist";
				PRODUCT_NAME = "$(TARGET_NAME)";
				WRAPPER_EXTENSION = app;
			};
			name = Release;
		};
		0408E5AC1810F4B600A8E7B4 /* Debug */ = {
			isa = XCBuildConfiguration;
			buildSettings = {
				BUNDLE_LOADER = "$(BUILT_PRODUCTS_DIR)/BennyDriving.app/BennyDriving";
				FRAMEWORK_SEARCH_PATHS = (
					"$(SDKROOT)/Developer/Library/Frameworks",
					"$(inherited)",
					"$(SYSTEM_APPS_DIR)/Xcode5-DP.app/Contents/Developer/Library/Frameworks",
				);
				GCC_PRECOMPILE_PREFIX_HEADER = YES;
				GCC_PREFIX_HEADER = "BennyDriving/BennyDriving-Prefix.pch";
				GCC_PREPROCESSOR_DEFINITIONS = (
					"DEBUG=1",
					"$(inherited)",
				);
				INFOPLIST_FILE = "BennyDrivingTests/BennyDrivingTests-Info.plist";
				PRODUCT_NAME = "$(TARGET_NAME)";
				TEST_HOST = "$(BUNDLE_LOADER)";
				WRAPPER_EXTENSION = xctest;
			};
			name = Debug;
		};
		0408E5AD1810F4B600A8E7B4 /* Release */ = {
			isa = XCBuildConfiguration;
			buildSettings = {
				BUNDLE_LOADER = "$(BUILT_PRODUCTS_DIR)/BennyDriving.app/BennyDriving";
				FRAMEWORK_SEARCH_PATHS = (
					"$(SDKROOT)/Developer/Library/Frameworks",
					"$(inherited)",
					"$(SYSTEM_APPS_DIR)/Xcode5-DP.app/Contents/Developer/Library/Frameworks",
				);
				GCC_PRECOMPILE_PREFIX_HEADER = YES;
				GCC_PREFIX_HEADER = "BennyDriving/BennyDriving-Prefix.pch";
				INFOPLIST_FILE = "BennyDrivingTests/BennyDrivingTests-Info.plist";
				PRODUCT_NAME = "$(TARGET_NAME)";
				TEST_HOST = "$(BUNDLE_LOADER)";
				WRAPPER_EXTENSION = xctest;
			};
			name = Release;
		};
/* End XCBuildConfiguration section */

/* Begin XCConfigurationList section */
		0408E5711810F4B600A8E7B4 /* Build configuration list for PBXProject "BennyDriving" */ = {
			isa = XCConfigurationList;
			buildConfigurations = (
				0408E5A61810F4B600A8E7B4 /* Debug */,
				0408E5A71810F4B600A8E7B4 /* Release */,
			);
			defaultConfigurationIsVisible = 0;
			defaultConfigurationName = Release;
		};
		0408E5A81810F4B600A8E7B4 /* Build configuration list for PBXNativeTarget "BennyDriving" */ = {
			isa = XCConfigurationList;
			buildConfigurations = (
				0408E5A91810F4B600A8E7B4 /* Debug */,
				0408E5AA1810F4B600A8E7B4 /* Release */,
			);
			defaultConfigurationIsVisible = 0;
			defaultConfigurationName = Release;
		};
		0408E5AB1810F4B600A8E7B4 /* Build configuration list for PBXNativeTarget "BennyDrivingTests" */ = {
			isa = XCConfigurationList;
			buildConfigurations = (
				0408E5AC1810F4B600A8E7B4 /* Debug */,
				0408E5AD1810F4B600A8E7B4 /* Release */,
			);
			defaultConfigurationIsVisible = 0;
			defaultConfigurationName = Release;
		};
/* End XCConfigurationList section */
	};
	rootObject = 0408E56E1810F4B600A8E7B4 /* Project object */;
}
